lockfileVersion: 5.4

specifiers:
  '@aws-sdk/client-dynamodb': ^3.341.0
  next: latest
  react: ^18.2.0
  react-dom: ^18.2.0
  swr: ^1.3.0
  turbo: ^1.9.9
  uuid: ^8.3.2

dependencies:
  '@aws-sdk/client-dynamodb': 3.342.0
  next: 13.4.4_biqbaboplfbrettd7655fr4n2y
  react: 18.2.0
  react-dom: 18.2.0_react@18.2.0
  swr: 1.3.0_react@18.2.0
  uuid: 8.3.2

devDependencies:
  turbo: 1.10.1

packages:

  /@aws-crypto/crc32/3.0.0:
    resolution: {integrity: sha512-IzSgsrxUcsrejQbPVilIKy16kAT52EwB6zSaI+M3xxIhKh5+aldEyvI+z6erM7TCLB2BJsFrtHjp6/4/sr+3dA==}
    dependencies:
      '@aws-crypto/util': 3.0.0
      '@aws-sdk/types': 3.342.0
      tslib: 1.14.1
    dev: false

  /@aws-crypto/ie11-detection/3.0.0:
    resolution: {integrity: sha512-341lBBkiY1DfDNKai/wXM3aujNBkXR7tq1URPQDL9wi3AUbI80NR74uF1TXHMm7po1AcnFk8iu2S2IeU/+/A+Q==}
    dependencies:
      tslib: 1.14.1
    dev: false

  /@aws-crypto/sha256-browser/3.0.0:
    resolution: {integrity: sha512-8VLmW2B+gjFbU5uMeqtQM6Nj0/F1bro80xQXCW6CQBWgosFWXTx77aeOF5CAIAmbOK64SdMBJdNr6J41yP5mvQ==}
    dependencies:
      '@aws-crypto/ie11-detection': 3.0.0
      '@aws-crypto/sha256-js': 3.0.0
      '@aws-crypto/supports-web-crypto': 3.0.0
      '@aws-crypto/util': 3.0.0
      '@aws-sdk/types': 3.342.0
      '@aws-sdk/util-locate-window': 3.310.0
      '@aws-sdk/util-utf8-browser': 3.259.0
      tslib: 1.14.1
    dev: false

  /@aws-crypto/sha256-js/3.0.0:
    resolution: {integrity: sha512-PnNN7os0+yd1XvXAy23CFOmTbMaDxgxXtTKHybrJ39Y8kGzBATgBFibWJKH6BhytLI/Zyszs87xCOBNyBig6vQ==}
    dependencies:
      '@aws-crypto/util': 3.0.0
      '@aws-sdk/types': 3.342.0
      tslib: 1.14.1
    dev: false

  /@aws-crypto/supports-web-crypto/3.0.0:
    resolution: {integrity: sha512-06hBdMwUAb2WFTuGG73LSC0wfPu93xWwo5vL2et9eymgmu3Id5vFAHBbajVWiGhPO37qcsdCap/FqXvJGJWPIg==}
    dependencies:
      tslib: 1.14.1
    dev: false

  /@aws-crypto/util/3.0.0:
    resolution: {integrity: sha512-2OJlpeJpCR48CC8r+uKVChzs9Iungj9wkZrl8Z041DWEWvyIHILYKCPNzJghKsivj+S3mLo6BVc7mBNzdxA46w==}
    dependencies:
      '@aws-sdk/types': 3.342.0
      '@aws-sdk/util-utf8-browser': 3.259.0
      tslib: 1.14.1
    dev: false

  /@aws-sdk/abort-controller/3.342.0:
    resolution: {integrity: sha512-W1lAYldbzDjfn8vwnwNe+6qNWfSu1+JrdiVIRSwsiwKvF2ahjKuaLoc8rJM09C6ieNWRi5634urFgfwAJuv6vg==}
    engines: {node: '>=14.0.0'}
    dependencies:
      '@aws-sdk/types': 3.342.0
      tslib: 2.5.2
    dev: false

  /@aws-sdk/client-dynamodb/3.342.0:
    resolution: {integrity: sha512-FBHfMi+445VK9Zhi06eNHO34itftHpkWLIquoq1S39ufus+sPofT7y/KNGH0k06V0b4gqhaCE7z0sCPo/wmqkQ==}
    engines: {node: '>=14.0.0'}
    dependencies:
      '@aws-crypto/sha256-browser': 3.0.0
      '@aws-crypto/sha256-js': 3.0.0
      '@aws-sdk/client-sts': 3.342.0
      '@aws-sdk/config-resolver': 3.342.0
      '@aws-sdk/credential-provider-node': 3.342.0
      '@aws-sdk/fetch-http-handler': 3.342.0
      '@aws-sdk/hash-node': 3.342.0
      '@aws-sdk/invalid-dependency': 3.342.0
      '@aws-sdk/middleware-content-length': 3.342.0
      '@aws-sdk/middleware-endpoint': 3.342.0
      '@aws-sdk/middleware-endpoint-discovery': 3.342.0
      '@aws-sdk/middleware-host-header': 3.342.0
      '@aws-sdk/middleware-logger': 3.342.0
      '@aws-sdk/middleware-recursion-detection': 3.342.0
      '@aws-sdk/middleware-retry': 3.342.0
      '@aws-sdk/middleware-serde': 3.342.0
      '@aws-sdk/middleware-signing': 3.342.0
      '@aws-sdk/middleware-stack': 3.342.0
      '@aws-sdk/middleware-user-agent': 3.342.0
      '@aws-sdk/node-config-provider': 3.342.0
      '@aws-sdk/node-http-handler': 3.342.0
      '@aws-sdk/smithy-client': 3.342.0
      '@aws-sdk/types': 3.342.0
      '@aws-sdk/url-parser': 3.342.0
      '@aws-sdk/util-base64': 3.310.0
      '@aws-sdk/util-body-length-browser': 3.310.0
      '@aws-sdk/util-body-length-node': 3.310.0
      '@aws-sdk/util-defaults-mode-browser': 3.342.0
      '@aws-sdk/util-defaults-mode-node': 3.342.0
      '@aws-sdk/util-endpoints': 3.342.0
      '@aws-sdk/util-retry': 3.342.0
      '@aws-sdk/util-user-agent-browser': 3.342.0
      '@aws-sdk/util-user-agent-node': 3.342.0
      '@aws-sdk/util-utf8': 3.310.0
      '@aws-sdk/util-waiter': 3.342.0
      '@smithy/protocol-http': 1.0.1
      '@smithy/types': 1.0.0
      tslib: 2.5.2
      uuid: 8.3.2
    transitivePeerDependencies:
      - aws-crt
    dev: false

  /@aws-sdk/client-sso-oidc/3.342.0:
    resolution: {integrity: sha512-C1jeKD39pWXlpGRxhWWBw2No1lyZnyIN72M2Qg3BWK6QlsSDtd9kdhpGS9rQU0i1F4w5x178a+qiGWHHMhCwLg==}
    engines: {node: '>=14.0.0'}
    dependencies:
      '@aws-crypto/sha256-browser': 3.0.0
      '@aws-crypto/sha256-js': 3.0.0
      '@aws-sdk/config-resolver': 3.342.0
      '@aws-sdk/fetch-http-handler': 3.342.0
      '@aws-sdk/hash-node': 3.342.0
      '@aws-sdk/invalid-dependency': 3.342.0
      '@aws-sdk/middleware-content-length': 3.342.0
      '@aws-sdk/middleware-endpoint': 3.342.0
      '@aws-sdk/middleware-host-header': 3.342.0
      '@aws-sdk/middleware-logger': 3.342.0
      '@aws-sdk/middleware-recursion-detection': 3.342.0
      '@aws-sdk/middleware-retry': 3.342.0
      '@aws-sdk/middleware-serde': 3.342.0
      '@aws-sdk/middleware-stack': 3.342.0
      '@aws-sdk/middleware-user-agent': 3.342.0
      '@aws-sdk/node-config-provider': 3.342.0
      '@aws-sdk/node-http-handler': 3.342.0
      '@aws-sdk/smithy-client': 3.342.0
      '@aws-sdk/types': 3.342.0
      '@aws-sdk/url-parser': 3.342.0
      '@aws-sdk/util-base64': 3.310.0
      '@aws-sdk/util-body-length-browser': 3.310.0
      '@aws-sdk/util-body-length-node': 3.310.0
      '@aws-sdk/util-defaults-mode-browser': 3.342.0
      '@aws-sdk/util-defaults-mode-node': 3.342.0
      '@aws-sdk/util-endpoints': 3.342.0
      '@aws-sdk/util-retry': 3.342.0
      '@aws-sdk/util-user-agent-browser': 3.342.0
      '@aws-sdk/util-user-agent-node': 3.342.0
      '@aws-sdk/util-utf8': 3.310.0
      '@smithy/protocol-http': 1.0.1
      '@smithy/types': 1.0.0
      tslib: 2.5.2
    transitivePeerDependencies:
      - aws-crt
    dev: false

  /@aws-sdk/client-sso/3.342.0:
    resolution: {integrity: sha512-DbEL+sWBua/04zTlJ6QmUsOpbeIlnPp8eYXQllCwsFzsIT04MjMI4hCZNia/weymwcq3vWTJOk2++SZf0sCGcw==}
    engines: {node: '>=14.0.0'}
    dependencies:
      '@aws-crypto/sha256-browser': 3.0.0
      '@aws-crypto/sha256-js': 3.0.0
      '@aws-sdk/config-resolver': 3.342.0
      '@aws-sdk/fetch-http-handler': 3.342.0
      '@aws-sdk/hash-node': 3.342.0
      '@aws-sdk/invalid-dependency': 3.342.0
      '@aws-sdk/middleware-content-length': 3.342.0
      '@aws-sdk/middleware-endpoint': 3.342.0
      '@aws-sdk/middleware-host-header': 3.342.0
      '@aws-sdk/middleware-logger': 3.342.0
      '@aws-sdk/middleware-recursion-detection': 3.342.0
      '@aws-sdk/middleware-retry': 3.342.0
      '@aws-sdk/middleware-serde': 3.342.0
      '@aws-sdk/middleware-stack': 3.342.0
      '@aws-sdk/middleware-user-agent': 3.342.0
      '@aws-sdk/node-config-provider': 3.342.0
      '@aws-sdk/node-http-handler': 3.342.0
      '@aws-sdk/smithy-client': 3.342.0
      '@aws-sdk/types': 3.342.0
      '@aws-sdk/url-parser': 3.342.0
      '@aws-sdk/util-base64': 3.310.0
      '@aws-sdk/util-body-length-browser': 3.310.0
      '@aws-sdk/util-body-length-node': 3.310.0
      '@aws-sdk/util-defaults-mode-browser': 3.342.0
      '@aws-sdk/util-defaults-mode-node': 3.342.0
      '@aws-sdk/util-endpoints': 3.342.0
      '@aws-sdk/util-retry': 3.342.0
      '@aws-sdk/util-user-agent-browser': 3.342.0
      '@aws-sdk/util-user-agent-node': 3.342.0
      '@aws-sdk/util-utf8': 3.310.0
      '@smithy/protocol-http': 1.0.1
      '@smithy/types': 1.0.0
      tslib: 2.5.2
    transitivePeerDependencies:
      - aws-crt
    dev: false

  /@aws-sdk/client-sts/3.342.0:
    resolution: {integrity: sha512-MUgYm/2ra1Pwoqw9ng75rVsvTLQvLHZLsTjJuKJ4hnHx1GdmQt4/ZlG1q/J2ZK2o6RZXqgavscz/nyrZH0QumA==}
    engines: {node: '>=14.0.0'}
    dependencies:
      '@aws-crypto/sha256-browser': 3.0.0
      '@aws-crypto/sha256-js': 3.0.0
      '@aws-sdk/config-resolver': 3.342.0
      '@aws-sdk/credential-provider-node': 3.342.0
      '@aws-sdk/fetch-http-handler': 3.342.0
      '@aws-sdk/hash-node': 3.342.0
      '@aws-sdk/invalid-dependency': 3.342.0
      '@aws-sdk/middleware-content-length': 3.342.0
      '@aws-sdk/middleware-endpoint': 3.342.0
      '@aws-sdk/middleware-host-header': 3.342.0
      '@aws-sdk/middleware-logger': 3.342.0
      '@aws-sdk/middleware-recursion-detection': 3.342.0
      '@aws-sdk/middleware-retry': 3.342.0
      '@aws-sdk/middleware-sdk-sts': 3.342.0
      '@aws-sdk/middleware-serde': 3.342.0
      '@aws-sdk/middleware-signing': 3.342.0
      '@aws-sdk/middleware-stack': 3.342.0
      '@aws-sdk/middleware-user-agent': 3.342.0
      '@aws-sdk/node-config-provider': 3.342.0
      '@aws-sdk/node-http-handler': 3.342.0
      '@aws-sdk/smithy-client': 3.342.0
      '@aws-sdk/types': 3.342.0
      '@aws-sdk/url-parser': 3.342.0
      '@aws-sdk/util-base64': 3.310.0
      '@aws-sdk/util-body-length-browser': 3.310.0
      '@aws-sdk/util-body-length-node': 3.310.0
      '@aws-sdk/util-defaults-mode-browser': 3.342.0
      '@aws-sdk/util-defaults-mode-node': 3.342.0
      '@aws-sdk/util-endpoints': 3.342.0
      '@aws-sdk/util-retry': 3.342.0
      '@aws-sdk/util-user-agent-browser': 3.342.0
      '@aws-sdk/util-user-agent-node': 3.342.0
      '@aws-sdk/util-utf8': 3.310.0
      '@smithy/protocol-http': 1.0.1
      '@smithy/types': 1.0.0
      fast-xml-parser: 4.1.2
      tslib: 2.5.2
    transitivePeerDependencies:
      - aws-crt
    dev: false

  /@aws-sdk/config-resolver/3.342.0:
    resolution: {integrity: sha512-jUg6DTTrCvG8AOPv5NRJ6PSQSC5fEI2gVv4luzvrGkRJULYbIqpdfUYdW7jB3rWAWC79pQQr5lSqC5DWH91stw==}
    engines: {node: '>=14.0.0'}
    dependencies:
      '@aws-sdk/types': 3.342.0
      '@aws-sdk/util-config-provider': 3.310.0
      '@aws-sdk/util-middleware': 3.342.0
      tslib: 2.5.2
    dev: false

  /@aws-sdk/credential-provider-env/3.342.0:
    resolution: {integrity: sha512-mufOcoqdXZXkvA7u6hUcJz6wKpVaho8SRWCvJrGO4YkyudUAoI9KSP5R4U+gtneDJ2Y/IEKPuw8ugNfANa1J+A==}
    engines: {node: '>=14.0.0'}
    dependencies:
      '@aws-sdk/property-provider': 3.342.0
      '@aws-sdk/types': 3.342.0
      tslib: 2.5.2
    dev: false

  /@aws-sdk/credential-provider-imds/3.342.0:
    resolution: {integrity: sha512-ReaHwFLfcsEYjDFvi95OFd+IU8frPwuAygwL56aiMT7Voc0oy3EqB3MFs3gzFxdLsJ0vw9TZMRbaouepAEVCkA==}
    engines: {node: '>=14.0.0'}
    dependencies:
      '@aws-sdk/node-config-provider': 3.342.0
      '@aws-sdk/property-provider': 3.342.0
      '@aws-sdk/types': 3.342.0
      '@aws-sdk/url-parser': 3.342.0
      tslib: 2.5.2
    dev: false

  /@aws-sdk/credential-provider-ini/3.342.0:
    resolution: {integrity: sha512-VJ7+IlI3rx5XfO8AarbKeqNVwfExsWW0S6fqBXIim0s10FJAy7R+wxYyhZhawfRm0ydCggT+Ji6dftS+WXF8fg==}
    engines: {node: '>=14.0.0'}
    dependencies:
      '@aws-sdk/credential-provider-env': 3.342.0
      '@aws-sdk/credential-provider-imds': 3.342.0
      '@aws-sdk/credential-provider-process': 3.342.0
      '@aws-sdk/credential-provider-sso': 3.342.0
      '@aws-sdk/credential-provider-web-identity': 3.342.0
      '@aws-sdk/property-provider': 3.342.0
      '@aws-sdk/shared-ini-file-loader': 3.342.0
      '@aws-sdk/types': 3.342.0
      tslib: 2.5.2
    transitivePeerDependencies:
      - aws-crt
    dev: false

  /@aws-sdk/credential-provider-node/3.342.0:
    resolution: {integrity: sha512-u3oUo0UxGEaHLtIx7a38aFLgcTe1OevCNe5exL3ugf5C4ifvUjM8rLWySQ9zrKRgPT2yDRYG/oq4ezjoR9fhHg==}
    engines: {node: '>=14.0.0'}
    dependencies:
      '@aws-sdk/credential-provider-env': 3.342.0
      '@aws-sdk/credential-provider-imds': 3.342.0
      '@aws-sdk/credential-provider-ini': 3.342.0
      '@aws-sdk/credential-provider-process': 3.342.0
      '@aws-sdk/credential-provider-sso': 3.342.0
      '@aws-sdk/credential-provider-web-identity': 3.342.0
      '@aws-sdk/property-provider': 3.342.0
      '@aws-sdk/shared-ini-file-loader': 3.342.0
      '@aws-sdk/types': 3.342.0
      tslib: 2.5.2
    transitivePeerDependencies:
      - aws-crt
    dev: false

  /@aws-sdk/credential-provider-process/3.342.0:
    resolution: {integrity: sha512-q03yJQPa4jnZtwKFW3yEYNMcpYH7wQzbEOEXjnXG4v8935oOttZjXBvRK7ax+f0D1ZHZFeFSashjw0A/bi1efQ==}
    engines: {node: '>=14.0.0'}
    dependencies:
      '@aws-sdk/property-provider': 3.342.0
      '@aws-sdk/shared-ini-file-loader': 3.342.0
      '@aws-sdk/types': 3.342.0
      tslib: 2.5.2
    dev: false

  /@aws-sdk/credential-provider-sso/3.342.0:
    resolution: {integrity: sha512-ank2703Riz5gwTxC11FDnZtMcq1Z1JjN3Nd53ahyZ+KOJPgWXEw+uolEuzMl4oAovmbTJ6WANo2qMVmLzZEaQg==}
    engines: {node: '>=14.0.0'}
    dependencies:
      '@aws-sdk/client-sso': 3.342.0
      '@aws-sdk/property-provider': 3.342.0
      '@aws-sdk/shared-ini-file-loader': 3.342.0
      '@aws-sdk/token-providers': 3.342.0
      '@aws-sdk/types': 3.342.0
      tslib: 2.5.2
    transitivePeerDependencies:
      - aws-crt
    dev: false

  /@aws-sdk/credential-provider-web-identity/3.342.0:
    resolution: {integrity: sha512-+an5oGnzoXMmGJql0Qs9MtyQTmz5GFqrWleQ0k9UVhN3uIfCS9AITS7vb+q1+G7A7YXy9+KshgBhcHco0G/JWQ==}
    engines: {node: '>=14.0.0'}
    dependencies:
      '@aws-sdk/property-provider': 3.342.0
      '@aws-sdk/types': 3.342.0
      tslib: 2.5.2
    dev: false

  /@aws-sdk/endpoint-cache/3.310.0:
    resolution: {integrity: sha512-y3wipforet41EDTI0vnzxILqwAGll1KfI5qcdX9pXF/WF1f+3frcOtPiWtQEZQpy4czRogKm3BHo70QBYAZxlQ==}
    engines: {node: '>=14.0.0'}
    dependencies:
      mnemonist: 0.38.3
      tslib: 2.5.2
    dev: false

  /@aws-sdk/eventstream-codec/3.342.0:
    resolution: {integrity: sha512-IwtvSuplioMyiu/pQgpazKkGWDM5M5BOx85zmsB0uNxt6rmje8+WqPmGmuPdmJv4bLC5dJPLovcCp/fuH8XWhA==}
    dependencies:
      '@aws-crypto/crc32': 3.0.0
      '@aws-sdk/types': 3.342.0
      '@aws-sdk/util-hex-encoding': 3.310.0
      tslib: 2.5.2
    dev: false

  /@aws-sdk/fetch-http-handler/3.342.0:
    resolution: {integrity: sha512-zsC23VUQMHEu4OKloLCVyWLG0ns6n+HKZ9euGLnNO3l0VSRne9qj/94yR+4jr/h04M7MhGf9mlczGfnZUFxs5w==}
    dependencies:
      '@aws-sdk/protocol-http': 3.342.0
      '@aws-sdk/querystring-builder': 3.342.0
      '@aws-sdk/types': 3.342.0
      '@aws-sdk/util-base64': 3.310.0
      tslib: 2.5.2
    dev: false

  /@aws-sdk/hash-node/3.342.0:
    resolution: {integrity: sha512-cFgXy9CDNQdYCdJBsG91FF0P0tNkCfi7+vTy7fzAEchxLxhcfLtC0cS6+gv2e3Dy8mv+uqp45Tu24+8Trx9hJQ==}
    engines: {node: '>=14.0.0'}
    dependencies:
      '@aws-sdk/types': 3.342.0
      '@aws-sdk/util-buffer-from': 3.310.0
      '@aws-sdk/util-utf8': 3.310.0
      tslib: 2.5.2
    dev: false

  /@aws-sdk/invalid-dependency/3.342.0:
    resolution: {integrity: sha512-3qza2Br1jGKJi8toPYG9u5aGJ3sbGmJLgKDvlga7q3F8JaeB92He6muRJ07eyDvxZ9jiKhLZ2mtYoVcEjI7Mgw==}
    dependencies:
      '@aws-sdk/types': 3.342.0
      tslib: 2.5.2
    dev: false

  /@aws-sdk/is-array-buffer/3.310.0:
    resolution: {integrity: sha512-urnbcCR+h9NWUnmOtet/s4ghvzsidFmspfhYaHAmSRdy9yDjdjBJMFjjsn85A1ODUktztm+cVncXjQ38WCMjMQ==}
    engines: {node: '>=14.0.0'}
    dependencies:
      tslib: 2.5.2
    dev: false

  /@aws-sdk/middleware-content-length/3.342.0:
    resolution: {integrity: sha512-7LUMZqhihSAptGRFFQvuwt9nCLNzNPkGd1oU1RpVXw6YPQfKP9Ec5tgg4oUlv1t58IYQvdVj5ITKp4X2aUJVPg==}
    engines: {node: '>=14.0.0'}
    dependencies:
      '@aws-sdk/protocol-http': 3.342.0
      '@aws-sdk/types': 3.342.0
      tslib: 2.5.2
    dev: false

  /@aws-sdk/middleware-endpoint-discovery/3.342.0:
    resolution: {integrity: sha512-IjWCaSLXM4dANY3sssS+fkFON3PghvRlK1iUvBlO7ripQcRFku+MFRVc/27UQQ5SqyuCctpOA1Wz4+iiZGSZmQ==}
    engines: {node: '>=14.0.0'}
    dependencies:
      '@aws-sdk/endpoint-cache': 3.310.0
      '@aws-sdk/protocol-http': 3.342.0
      '@aws-sdk/types': 3.342.0
      tslib: 2.5.2
    dev: false

  /@aws-sdk/middleware-endpoint/3.342.0:
    resolution: {integrity: sha512-/rE+3a2EbNQoylc7vyN+O6GFfcLitboZ8f/Kdkld3Ijcp9whPHdfjiqujlwyiUTgBVP3BqgyB3r7AZDloc7B0g==}
    engines: {node: '>=14.0.0'}
    dependencies:
      '@aws-sdk/middleware-serde': 3.342.0
      '@aws-sdk/types': 3.342.0
      '@aws-sdk/url-parser': 3.342.0
      '@aws-sdk/util-middleware': 3.342.0
      tslib: 2.5.2
    dev: false

  /@aws-sdk/middleware-host-header/3.342.0:
    resolution: {integrity: sha512-EOoix2D2Mk3NQtv7UVhJttfttGYechQxKuGvCI8+8iEKxqlyXaKqAkLR07BQb6epMYeKP4z1PfJm203Sf0WPUQ==}
    engines: {node: '>=14.0.0'}
    dependencies:
      '@aws-sdk/protocol-http': 3.342.0
      '@aws-sdk/types': 3.342.0
      tslib: 2.5.2
    dev: false

  /@aws-sdk/middleware-logger/3.342.0:
    resolution: {integrity: sha512-wbkp85T7p9sHLNPMY6HAXHvLOp+vOubFT/XLIGtgRhYu5aRJSlVo9qlwtdZjyhEgIRQ6H/QUnqAN7Zgk5bCLSw==}
    engines: {node: '>=14.0.0'}
    dependencies:
      '@aws-sdk/types': 3.342.0
      tslib: 2.5.2
    dev: false

  /@aws-sdk/middleware-recursion-detection/3.342.0:
    resolution: {integrity: sha512-KUDseSAz95kXCqnXEQxNObpviZ6F7eJ5lEgpi+ZehlzGDk/GyOVgjVuAyI7nNxWI5v0ZJ5nIDy+BH273dWbnmQ==}
    engines: {node: '>=14.0.0'}
    dependencies:
      '@aws-sdk/protocol-http': 3.342.0
      '@aws-sdk/types': 3.342.0
      tslib: 2.5.2
    dev: false

  /@aws-sdk/middleware-retry/3.342.0:
    resolution: {integrity: sha512-Bfllrjqs0bXNG7A3ydLjTAE5zPEdigG+/lDuEsCfB35gywZnnxqi6BjTeQ9Ss6gbEWX+WyXP7/oVdNaUDQUr9Q==}
    engines: {node: '>=14.0.0'}
    dependencies:
      '@aws-sdk/protocol-http': 3.342.0
      '@aws-sdk/service-error-classification': 3.342.0
      '@aws-sdk/types': 3.342.0
      '@aws-sdk/util-middleware': 3.342.0
      '@aws-sdk/util-retry': 3.342.0
      tslib: 2.5.2
      uuid: 8.3.2
    dev: false

  /@aws-sdk/middleware-sdk-sts/3.342.0:
    resolution: {integrity: sha512-eGcGDC+6UWKC87mex3voBVRcZN3hzFN6GVzWkTS574hDqp/uJG3yPk3Dltw0qf8skikTGi3/ZE+yAxerq/f5rg==}
    engines: {node: '>=14.0.0'}
    dependencies:
      '@aws-sdk/middleware-signing': 3.342.0
      '@aws-sdk/types': 3.342.0
      tslib: 2.5.2
    dev: false

  /@aws-sdk/middleware-serde/3.342.0:
    resolution: {integrity: sha512-WRD+Cyu6+h1ymfPnAw4fI2q3zXjihJ55HFe1uRF8VPN4uBbJNfN3IqL38y/SMEdZ0gH9zNlRNxZLhR0q6SNZEQ==}
    engines: {node: '>=14.0.0'}
    dependencies:
      '@aws-sdk/types': 3.342.0
      tslib: 2.5.2
    dev: false

  /@aws-sdk/middleware-signing/3.342.0:
    resolution: {integrity: sha512-CFRQyPv4OjRGmFoB3OfKcQ0aHgS9VWC0YwoHnSWIcLt3Xltorug/Amk0obr/MFoIrktdlVtmvLEJ4Z+8cdsz8g==}
    engines: {node: '>=14.0.0'}
    dependencies:
      '@aws-sdk/property-provider': 3.342.0
      '@aws-sdk/protocol-http': 3.342.0
      '@aws-sdk/signature-v4': 3.342.0
      '@aws-sdk/types': 3.342.0
      '@aws-sdk/util-middleware': 3.342.0
      tslib: 2.5.2
    dev: false

  /@aws-sdk/middleware-stack/3.342.0:
    resolution: {integrity: sha512-nDYtLAv9IZq8YFxtbyAiK/U1mtvtJS0DG6HiIPT5jpHcRpuWRHQ170EAW51zYts+21Ffj1VA6ZPkbup83+T6/w==}
    engines: {node: '>=14.0.0'}
    dependencies:
      tslib: 2.5.2
    dev: false

  /@aws-sdk/middleware-user-agent/3.342.0:
    resolution: {integrity: sha512-6iiFno+rq7W82mqM4KQKndIkZdGG1XZDlZIb77fcmQGYYlB1J2S/d0pIPdMk5ZQteuKJ5iorANUC0dKWw1mWTg==}
    engines: {node: '>=14.0.0'}
    dependencies:
      '@aws-sdk/protocol-http': 3.342.0
      '@aws-sdk/types': 3.342.0
      '@aws-sdk/util-endpoints': 3.342.0
      tslib: 2.5.2
    dev: false

  /@aws-sdk/node-config-provider/3.342.0:
    resolution: {integrity: sha512-Mwkj4+zt64w7a8QDrI9q4SrEt7XRO30Vk0a0xENqcOGrKIPfF5aeqlw85NYLoGys+KV1oatqQ+k0GzKx8qTIdQ==}
    engines: {node: '>=14.0.0'}
    dependencies:
      '@aws-sdk/property-provider': 3.342.0
      '@aws-sdk/shared-ini-file-loader': 3.342.0
      '@aws-sdk/types': 3.342.0
      tslib: 2.5.2
    dev: false

  /@aws-sdk/node-http-handler/3.342.0:
    resolution: {integrity: sha512-ieNdrfJJMh46qY6rkV1azJBo3UfS9hc7d8CuHtkgHhCfH3BhxbtFqEiGilOdBmY5Sk69b//lFr4zHpUPYsXKaA==}
    engines: {node: '>=14.0.0'}
    dependencies:
      '@aws-sdk/abort-controller': 3.342.0
      '@aws-sdk/protocol-http': 3.342.0
      '@aws-sdk/querystring-builder': 3.342.0
      '@aws-sdk/types': 3.342.0
      tslib: 2.5.2
    dev: false

  /@aws-sdk/property-provider/3.342.0:
    resolution: {integrity: sha512-p4TR9yRakIpwupEH3BUijWMYThGG0q43n1ICcsBOcvWZpE636lIUw6nzFlOuBUwqyPfUyLbXzchvosYxfCl0jw==}
    engines: {node: '>=14.0.0'}
    dependencies:
      '@aws-sdk/types': 3.342.0
      tslib: 2.5.2
    dev: false

  /@aws-sdk/protocol-http/3.342.0:
    resolution: {integrity: sha512-zuF2urcTJBZ1tltPdTBQzRasuGB7+4Yfs9i5l0F7lE0luK5Azy6G+2r3WWENUNxFTYuP94GrrqaOhVyj8XXLPQ==}
    engines: {node: '>=14.0.0'}
    dependencies:
      '@aws-sdk/types': 3.342.0
      tslib: 2.5.2
    dev: false

  /@aws-sdk/querystring-builder/3.342.0:
    resolution: {integrity: sha512-tb3FbtC36a7XBYeupdKm60LeM0etp73I6/7pDAkzAlw7zJdvY0aQIvj1c0U6nZlwZF8sSSxC7vlamR+wCspdMw==}
    engines: {node: '>=14.0.0'}
    dependencies:
      '@aws-sdk/types': 3.342.0
      '@aws-sdk/util-uri-escape': 3.310.0
      tslib: 2.5.2
    dev: false

  /@aws-sdk/querystring-parser/3.342.0:
    resolution: {integrity: sha512-6svvr/LZW1EPJaARnOpjf92FIiK25wuO7fRq05gLTcTRAfUMDvub+oDg3Ro9EjJERumrYQrYCem5Qi4X9w8K2g==}
    engines: {node: '>=14.0.0'}
    dependencies:
      '@aws-sdk/types': 3.342.0
      tslib: 2.5.2
    dev: false

  /@aws-sdk/service-error-classification/3.342.0:
    resolution: {integrity: sha512-MwHO5McbdAVKxfQj1yhleboAXqrzcGoi9ODS+bwCwRfe2lakGzBBhu8zaGDlKYOdv5rS+yAPP/5fZZUiuZY8Bw==}
    engines: {node: '>=14.0.0'}
    dev: false

  /@aws-sdk/shared-ini-file-loader/3.342.0:
    resolution: {integrity: sha512-kQG7TMQMhNp5+Y8vhGuO/+wU3K/dTx0xC0AKoDFiBf6EpDRmDfr2pPRnfJ9GwgS9haHxJ/3Uwc03swHMlsj20A==}
    engines: {node: '>=14.0.0'}
    dependencies:
      '@aws-sdk/types': 3.342.0
      tslib: 2.5.2
    dev: false

  /@aws-sdk/signature-v4/3.342.0:
    resolution: {integrity: sha512-OWrGO2UOa1ENpy0kYd2shK4sklQygWUqvWLx9FotDbjIeUIEfAnqoPq/QqcXVrNyT/UvPi4iIrjHJEO8JCNRmA==}
    engines: {node: '>=14.0.0'}
    dependencies:
      '@aws-sdk/eventstream-codec': 3.342.0
      '@aws-sdk/is-array-buffer': 3.310.0
      '@aws-sdk/types': 3.342.0
      '@aws-sdk/util-hex-encoding': 3.310.0
      '@aws-sdk/util-middleware': 3.342.0
      '@aws-sdk/util-uri-escape': 3.310.0
      '@aws-sdk/util-utf8': 3.310.0
      tslib: 2.5.2
    dev: false

  /@aws-sdk/smithy-client/3.342.0:
    resolution: {integrity: sha512-HQ4JejjHU2X7OAZPwixFG+EyPSjmoZqll7EvWjPSKyclWrM320haWWz1trVzjG/AgPfeDLfRkH/JoMr13lECew==}
    engines: {node: '>=14.0.0'}
    dependencies:
      '@aws-sdk/middleware-stack': 3.342.0
      '@aws-sdk/types': 3.342.0
      tslib: 2.5.2
    dev: false

  /@aws-sdk/token-providers/3.342.0:
    resolution: {integrity: sha512-gYShxImNQVx3FYOUKB7nzzowYiiP1joyx43KrduHwBDV7hiqg7QhtJHr6Ek+QLPqcFKP9rRvo7NhGxu+T7dEQg==}
    engines: {node: '>=14.0.0'}
    dependencies:
      '@aws-sdk/client-sso-oidc': 3.342.0
      '@aws-sdk/property-provider': 3.342.0
      '@aws-sdk/shared-ini-file-loader': 3.342.0
      '@aws-sdk/types': 3.342.0
      tslib: 2.5.2
    transitivePeerDependencies:
      - aws-crt
    dev: false

  /@aws-sdk/types/3.342.0:
    resolution: {integrity: sha512-5uyXVda/AgUpdZNJ9JPHxwyxr08miPiZ/CKSMcRdQVjcNnrdzY9m/iM9LvnQT44sQO+IEEkF2IoZIWvZcq199A==}
    engines: {node: '>=14.0.0'}
    dependencies:
      tslib: 2.5.2
    dev: false

  /@aws-sdk/url-parser/3.342.0:
    resolution: {integrity: sha512-r4s/FDK6iywl8l4TqEwIwtNvxWO0kZes03c/yCiRYqxlkjVmbXEOodn5IAAweAeS9yqC3sl/wKbsaoBiGFn45g==}
    dependencies:
      '@aws-sdk/querystring-parser': 3.342.0
      '@aws-sdk/types': 3.342.0
      tslib: 2.5.2
    dev: false

  /@aws-sdk/util-base64/3.310.0:
    resolution: {integrity: sha512-v3+HBKQvqgdzcbL+pFswlx5HQsd9L6ZTlyPVL2LS9nNXnCcR3XgGz9jRskikRUuUvUXtkSG1J88GAOnJ/apTPg==}
    engines: {node: '>=14.0.0'}
    dependencies:
      '@aws-sdk/util-buffer-from': 3.310.0
      tslib: 2.5.2
    dev: false

  /@aws-sdk/util-body-length-browser/3.310.0:
    resolution: {integrity: sha512-sxsC3lPBGfpHtNTUoGXMQXLwjmR0zVpx0rSvzTPAuoVILVsp5AU/w5FphNPxD5OVIjNbZv9KsKTuvNTiZjDp9g==}
    dependencies:
      tslib: 2.5.2
    dev: false

  /@aws-sdk/util-body-length-node/3.310.0:
    resolution: {integrity: sha512-2tqGXdyKhyA6w4zz7UPoS8Ip+7sayOg9BwHNidiGm2ikbDxm1YrCfYXvCBdwaJxa4hJfRVz+aL9e+d3GqPI9pQ==}
    engines: {node: '>=14.0.0'}
    dependencies:
      tslib: 2.5.2
    dev: false

  /@aws-sdk/util-buffer-from/3.310.0:
    resolution: {integrity: sha512-i6LVeXFtGih5Zs8enLrt+ExXY92QV25jtEnTKHsmlFqFAuL3VBeod6boeMXkN2p9lbSVVQ1sAOOYZOHYbYkntw==}
    engines: {node: '>=14.0.0'}
    dependencies:
      '@aws-sdk/is-array-buffer': 3.310.0
      tslib: 2.5.2
    dev: false

  /@aws-sdk/util-config-provider/3.310.0:
    resolution: {integrity: sha512-xIBaYo8dwiojCw8vnUcIL4Z5tyfb1v3yjqyJKJWV/dqKUFOOS0U591plmXbM+M/QkXyML3ypon1f8+BoaDExrg==}
    engines: {node: '>=14.0.0'}
    dependencies:
      tslib: 2.5.2
    dev: false

  /@aws-sdk/util-defaults-mode-browser/3.342.0:
    resolution: {integrity: sha512-N1ZRvCLbrt4Re9MKU3pLYR0iO+H7GU7RsXG4yAq6DtSWT9WCw6xhIUpeV2T5uxWKL92o3WHNiGjwcebq+N73Bg==}
    engines: {node: '>= 10.0.0'}
    dependencies:
      '@aws-sdk/property-provider': 3.342.0
      '@aws-sdk/types': 3.342.0
      bowser: 2.11.0
      tslib: 2.5.2
    dev: false

  /@aws-sdk/util-defaults-mode-node/3.342.0:
    resolution: {integrity: sha512-yNa/eX8sELnwM5NONOFR/PCJMHTNrUVklSo/QHy57CT/L3KOqosRNAMnDVMzH1QolGaVN/8jgtDI2xVsvlP+AA==}
    engines: {node: '>= 10.0.0'}
    dependencies:
      '@aws-sdk/config-resolver': 3.342.0
      '@aws-sdk/credential-provider-imds': 3.342.0
      '@aws-sdk/node-config-provider': 3.342.0
      '@aws-sdk/property-provider': 3.342.0
      '@aws-sdk/types': 3.342.0
      tslib: 2.5.2
    dev: false

  /@aws-sdk/util-endpoints/3.342.0:
    resolution: {integrity: sha512-ZsYF413hkVwSOjvZG6U0SshRtzSg6MtwzO+j90AjpaqgoHAxE5LjO5eVYFfPXTC2U8NhU7xkzASY6++e5bRRnw==}
    engines: {node: '>=14.0.0'}
    dependencies:
      '@aws-sdk/types': 3.342.0
      tslib: 2.5.2
    dev: false

  /@aws-sdk/util-hex-encoding/3.310.0:
    resolution: {integrity: sha512-sVN7mcCCDSJ67pI1ZMtk84SKGqyix6/0A1Ab163YKn+lFBQRMKexleZzpYzNGxYzmQS6VanP/cfU7NiLQOaSfA==}
    engines: {node: '>=14.0.0'}
    dependencies:
      tslib: 2.5.2
    dev: false

  /@aws-sdk/util-locate-window/3.310.0:
    resolution: {integrity: sha512-qo2t/vBTnoXpjKxlsC2e1gBrRm80M3bId27r0BRB2VniSSe7bL1mmzM+/HFtujm0iAxtPM+aLEflLJlJeDPg0w==}
    engines: {node: '>=14.0.0'}
    dependencies:
      tslib: 2.5.2
    dev: false

  /@aws-sdk/util-middleware/3.342.0:
    resolution: {integrity: sha512-P2LYyMP4JUFZBy9DcMvCDxWU34mlShCyrqBZ1ouuGW7UMgRb1PTEvpLAVndIWn9H+1KGDFjMqOWp1FZHr4YZOA==}
    engines: {node: '>=14.0.0'}
    dependencies:
      tslib: 2.5.2
    dev: false

  /@aws-sdk/util-retry/3.342.0:
    resolution: {integrity: sha512-U1LXXtOMAQjU4H9gjYZng8auRponAH0t3vShHMKT8UQggT6Hwz1obdXUZgcLCtcjp/1aEK4MkDwk2JSjuUTaZw==}
    engines: {node: '>= 14.0.0'}
    dependencies:
      '@aws-sdk/service-error-classification': 3.342.0
      tslib: 2.5.2
    dev: false

  /@aws-sdk/util-uri-escape/3.310.0:
    resolution: {integrity: sha512-drzt+aB2qo2LgtDoiy/3sVG8w63cgLkqFIa2NFlGpUgHFWTXkqtbgf4L5QdjRGKWhmZsnqkbtL7vkSWEcYDJ4Q==}
    engines: {node: '>=14.0.0'}
    dependencies:
      tslib: 2.5.2
    dev: false

  /@aws-sdk/util-user-agent-browser/3.342.0:
    resolution: {integrity: sha512-FWHiBi1xaebzmq3LJsizgd2LCix/bKHUTOjTeO6hEYny5DyrOl0liwIA0mqgvfgwIoMOF/l6FGg7kTfKtNgkEA==}
    dependencies:
      '@aws-sdk/types': 3.342.0
      bowser: 2.11.0
      tslib: 2.5.2
    dev: false

  /@aws-sdk/util-user-agent-node/3.342.0:
    resolution: {integrity: sha512-YMAhUar4CAB6hfUR72FH0sRqMBhPajDIhiKrZEOy7+qaWFdfb/t9DYi6p3PYIUZWK2vkESiDoX9Ays2xsp9rOQ==}
    engines: {node: '>=14.0.0'}
    peerDependencies:
      aws-crt: '>=1.0.0'
    peerDependenciesMeta:
      aws-crt:
        optional: true
    dependencies:
      '@aws-sdk/node-config-provider': 3.342.0
      '@aws-sdk/types': 3.342.0
      tslib: 2.5.2
    dev: false

  /@aws-sdk/util-utf8-browser/3.259.0:
    resolution: {integrity: sha512-UvFa/vR+e19XookZF8RzFZBrw2EUkQWxiBW0yYQAhvk3C+QVGl0H3ouca8LDBlBfQKXwmW3huo/59H8rwb1wJw==}
    dependencies:
      tslib: 2.5.2
    dev: false

  /@aws-sdk/util-utf8/3.310.0:
    resolution: {integrity: sha512-DnLfFT8uCO22uOJc0pt0DsSNau1GTisngBCDw8jQuWT5CqogMJu4b/uXmwEqfj8B3GX6Xsz8zOd6JpRlPftQoA==}
    engines: {node: '>=14.0.0'}
    dependencies:
      '@aws-sdk/util-buffer-from': 3.310.0
      tslib: 2.5.2
    dev: false

  /@aws-sdk/util-waiter/3.342.0:
    resolution: {integrity: sha512-OkOdrvNW4fBPgYw022MLl2CfmnksSIOIoVvBjL042ksimwoc/pX8qofi4ZqnGrN+d0XifevL/+PMdIhJz4U+Sw==}
    engines: {node: '>=14.0.0'}
    dependencies:
      '@aws-sdk/abort-controller': 3.342.0
      '@aws-sdk/types': 3.342.0
      tslib: 2.5.2
    dev: false

  /@next/env/13.4.4:
    resolution: {integrity: sha512-q/y7VZj/9YpgzDe64Zi6rY1xPizx80JjlU2BTevlajtaE3w1LqweH1gGgxou2N7hdFosXHjGrI4OUvtFXXhGLg==}
    dev: false

  /@next/swc-darwin-arm64/13.4.4:
    resolution: {integrity: sha512-xfjgXvp4KalNUKZMHmsFxr1Ug+aGmmO6NWP0uoh4G3WFqP/mJ1xxfww0gMOeMeSq/Jyr5k7DvoZ2Pv+XOITTtw==}
    engines: {node: '>= 10'}
    cpu: [arm64]
    os: [darwin]
    requiresBuild: true
    dev: false
    optional: true

  /@next/swc-darwin-x64/13.4.4:
    resolution: {integrity: sha512-ZY9Ti1hkIwJsxGus3nlubIkvYyB0gNOYxKrfsOrLEqD0I2iCX8D7w8v6QQZ2H+dDl6UT29oeEUdDUNGk4UEpfg==}
    engines: {node: '>= 10'}
    cpu: [x64]
    os: [darwin]
    requiresBuild: true
    dev: false
    optional: true

  /@next/swc-linux-arm64-gnu/13.4.4:
    resolution: {integrity: sha512-+KZnDeMShYkpkqAvGCEDeqYTRADJXc6SY1jWXz+Uo6qWQO/Jd9CoyhTJwRSxvQA16MoYzvILkGaDqirkRNctyA==}
    engines: {node: '>= 10'}
    cpu: [arm64]
    os: [linux]
    requiresBuild: true
    dev: false
    optional: true

  /@next/swc-linux-arm64-musl/13.4.4:
    resolution: {integrity: sha512-evC1twrny2XDT4uOftoubZvW3EG0zs0ZxMwEtu/dDGVRO5n5pT48S8qqEIBGBUZYu/Xx4zzpOkIxx1vpWdE+9A==}
    engines: {node: '>= 10'}
    cpu: [arm64]
    os: [linux]
    requiresBuild: true
    dev: false
    optional: true

  /@next/swc-linux-x64-gnu/13.4.4:
    resolution: {integrity: sha512-PX706XcCHr2FfkyhP2lpf+pX/tUvq6/ke7JYnnr0ykNdEMo+sb7cC/o91gnURh4sPYSiZJhsF2gbIqg9rciOHQ==}
    engines: {node: '>= 10'}
    cpu: [x64]
    os: [linux]
    requiresBuild: true
    dev: false
    optional: true

  /@next/swc-linux-x64-musl/13.4.4:
    resolution: {integrity: sha512-TKUUx3Ftd95JlHV6XagEnqpT204Y+IsEa3awaYIjayn0MOGjgKZMZibqarK3B1FsMSPaieJf2FEAcu9z0yT5aA==}
    engines: {node: '>= 10'}
    cpu: [x64]
    os: [linux]
    requiresBuild: true
    dev: false
    optional: true

  /@next/swc-win32-arm64-msvc/13.4.4:
    resolution: {integrity: sha512-FP8AadgSq4+HPtim7WBkCMGbhr5vh9FePXiWx9+YOdjwdQocwoCK5ZVC3OW8oh3TWth6iJ0AXJ/yQ1q1cwSZ3A==}
    engines: {node: '>= 10'}
    cpu: [arm64]
    os: [win32]
    requiresBuild: true
    dev: false
    optional: true

  /@next/swc-win32-ia32-msvc/13.4.4:
    resolution: {integrity: sha512-3WekVmtuA2MCdcAOrgrI+PuFiFURtSyyrN1I3UPtS0ckR2HtLqyqmS334Eulf15g1/bdwMteePdK363X/Y9JMg==}
    engines: {node: '>= 10'}
    cpu: [ia32]
    os: [win32]
    requiresBuild: true
    dev: false
    optional: true

  /@next/swc-win32-x64-msvc/13.4.4:
    resolution: {integrity: sha512-AHRITu/CrlQ+qzoqQtEMfaTu7GHaQ6bziQln/pVWpOYC1wU+Mq6VQQFlsDtMCnDztPZtppAXdvvbNS7pcfRzlw==}
    engines: {node: '>= 10'}
    cpu: [x64]
    os: [win32]
    requiresBuild: true
    dev: false
    optional: true

  /@smithy/protocol-http/1.0.1:
    resolution: {integrity: sha512-9OrEn0WfOVtBNYJUjUAn9AOiJ4lzERCJJ/JeZs8E6yajTGxBaFRxUnNBHiNqoDJVg076hY36UmEnPx7xXrvUSg==}
    engines: {node: '>=14.0.0'}
    dependencies:
      '@smithy/types': 1.0.0
      tslib: 2.5.2
    dev: false

  /@smithy/types/1.0.0:
    resolution: {integrity: sha512-kc1m5wPBHQCTixwuaOh9vnak/iJm21DrSf9UK6yDE5S3mQQ4u11pqAUiKWnlrZnYkeLfAI9UEHj9OaMT1v5Umg==}
    engines: {node: '>=14.0.0'}
    dependencies:
      tslib: 2.5.2
    dev: false

  /@swc/helpers/0.5.1:
    resolution: {integrity: sha512-sJ902EfIzn1Fa+qYmjdQqh8tPsoxyBz+8yBKC2HKUxyezKJFwPGOn7pv4WY6QuQW//ySQi5lJjA/ZT9sNWWNTg==}
    dependencies:
      tslib: 2.5.2
    dev: false

  /bowser/2.11.0:
    resolution: {integrity: sha512-AlcaJBi/pqqJBIQ8U9Mcpc9i8Aqxn88Skv5d+xBX006BY5u8N3mGLHa5Lgppa7L/HfwgwLgZ6NYs+Ag6uUmJRA==}
    dev: false

  /busboy/1.6.0:
    resolution: {integrity: sha512-8SFQbg/0hQ9xy3UNTB0YEnsNBbWfhf7RtnzpL7TkBiTBRfrQ9Fxcnz7VJsleJpyp6rVLvXiuORqjlHi5q+PYuA==}
    engines: {node: '>=10.16.0'}
    dependencies:
      streamsearch: 1.1.0
    dev: false

  /caniuse-lite/1.0.30001492:
    resolution: {integrity: sha512-2efF8SAZwgAX1FJr87KWhvuJxnGJKOnctQa8xLOskAXNXq8oiuqgl6u1kk3fFpsp3GgvzlRjiK1sl63hNtFADw==}
    dev: false

  /client-only/0.0.1:
    resolution: {integrity: sha512-IV3Ou0jSMzZrd3pZ48nLkT9DA7Ag1pnPzaiQhpW7c3RbcqqzvzzVu+L8gfqMp/8IM2MQtSiqaCxrrcfu8I8rMA==}
    dev: false

  /fast-xml-parser/4.1.2:
    resolution: {integrity: sha512-CDYeykkle1LiA/uqQyNwYpFbyF6Axec6YapmpUP+/RHWIoR1zKjocdvNaTsxCxZzQ6v9MLXaSYm9Qq0thv0DHg==}
    hasBin: true
    dependencies:
      strnum: 1.0.5
    dev: false

  /js-tokens/4.0.0:
    resolution: {integrity: sha512-RdJUflcE3cUzKiMqQgsCu06FPu9UdIJO0beYbPhHN4k6apgJtifcoCtT9bcxOpYBtpD2kCM6Sbzg4CausW/PKQ==}
    dev: false

  /loose-envify/1.4.0:
    resolution: {integrity: sha512-lyuxPGr/Wfhrlem2CL/UcnUc1zcqKAImBDzukY7Y5F/yQiNdko6+fRLevlw1HgMySw7f611UIY408EtxRSoK3Q==}
    hasBin: true
    dependencies:
      js-tokens: 4.0.0
    dev: false

  /mnemonist/0.38.3:
    resolution: {integrity: sha512-2K9QYubXx/NAjv4VLq1d1Ly8pWNC5L3BrixtdkyTegXWJIqY+zLNDhhX/A+ZwWt70tB1S8H4BE8FLYEFyNoOBw==}
    dependencies:
      obliterator: 1.6.1
    dev: false

  /nanoid/3.3.6:
    resolution: {integrity: sha512-BGcqMMJuToF7i1rt+2PWSNVnWIkGCU78jBG3RxO/bZlnZPK2Cmi2QaffxGO/2RvWi9sL+FAiRiXMgsyxQ1DIDA==}
    engines: {node: ^10 || ^12 || ^13.7 || ^14 || >=15.0.1}
    hasBin: true
    dev: false

  /next/13.4.4_biqbaboplfbrettd7655fr4n2y:
    resolution: {integrity: sha512-C5S0ysM0Ily9McL4Jb48nOQHT1BukOWI59uC3X/xCMlYIh9rJZCv7nzG92J6e1cOBqQbKovlpgvHWFmz4eKKEA==}
    engines: {node: '>=16.8.0'}
    hasBin: true
    peerDependencies:
      '@opentelemetry/api': ^1.1.0
      fibers: '>= 3.1.0'
      react: ^18.2.0
      react-dom: ^18.2.0
      sass: ^1.3.0
    peerDependenciesMeta:
      '@opentelemetry/api':
        optional: true
      fibers:
        optional: true
      sass:
        optional: true
    dependencies:
      '@next/env': 13.4.4
      '@swc/helpers': 0.5.1
      busboy: 1.6.0
      caniuse-lite: 1.0.30001492
      postcss: 8.4.14
      react: 18.2.0
      react-dom: 18.2.0_react@18.2.0
      styled-jsx: 5.1.1_react@18.2.0
      zod: 3.21.4
    optionalDependencies:
      '@next/swc-darwin-arm64': 13.4.4
      '@next/swc-darwin-x64': 13.4.4
      '@next/swc-linux-arm64-gnu': 13.4.4
      '@next/swc-linux-arm64-musl': 13.4.4
      '@next/swc-linux-x64-gnu': 13.4.4
      '@next/swc-linux-x64-musl': 13.4.4
      '@next/swc-win32-arm64-msvc': 13.4.4
      '@next/swc-win32-ia32-msvc': 13.4.4
      '@next/swc-win32-x64-msvc': 13.4.4
    transitivePeerDependencies:
      - '@babel/core'
      - babel-plugin-macros
    dev: false

  /obliterator/1.6.1:
    resolution: {integrity: sha512-9WXswnqINnnhOG/5SLimUlzuU1hFJUc8zkwyD59Sd+dPOMf05PmnYG/d6Q7HZ+KmgkZJa1PxRso6QdM3sTNHig==}
    dev: false

  /picocolors/1.0.0:
    resolution: {integrity: sha512-1fygroTLlHu66zi26VoTDv8yRgm0Fccecssto+MhsZ0D/DGW2sm8E8AjW7NU5VVTRt5GxbeZ5qBuJr+HyLYkjQ==}
    dev: false

  /postcss/8.4.14:
    resolution: {integrity: sha512-E398TUmfAYFPBSdzgeieK2Y1+1cpdxJx8yXbK/m57nRhKSmk1GB2tO4lbLBtlkfPQTDKfe4Xqv1ASWPpayPEig==}
    engines: {node: ^10 || ^12 || >=14}
    dependencies:
      nanoid: 3.3.6
      picocolors: 1.0.0
      source-map-js: 1.0.2
    dev: false

  /react-dom/18.2.0_react@18.2.0:
    resolution: {integrity: sha512-6IMTriUmvsjHUjNtEDudZfuDQUoWXVxKHhlEGSk81n4YFS+r/Kl99wXiwlVXtPBtJenozv2P+hxDsw9eA7Xo6g==}
    peerDependencies:
      react: ^18.2.0
    dependencies:
      loose-envify: 1.4.0
      react: 18.2.0
      scheduler: 0.23.0
    dev: false

  /react/18.2.0:
    resolution: {integrity: sha512-/3IjMdb2L9QbBdWiW5e3P2/npwMBaU9mHCSCUzNln0ZCYbcfTsGbTJrU/kGemdH2IWmB2ioZ+zkxtmq6g09fGQ==}
    engines: {node: '>=0.10.0'}
    dependencies:
      loose-envify: 1.4.0
    dev: false

  /scheduler/0.23.0:
    resolution: {integrity: sha512-CtuThmgHNg7zIZWAXi3AsyIzA3n4xx7aNyjwC2VJldO2LMVDhFK+63xGqq6CsJH4rTAt6/M+N4GhZiDYPx9eUw==}
    dependencies:
      loose-envify: 1.4.0
    dev: false

  /source-map-js/1.0.2:
    resolution: {integrity: sha512-R0XvVJ9WusLiqTCEiGCmICCMplcCkIwwR11mOSD9CR5u+IXYdiseeEuXCVAjS54zqwkLcPNnmU4OeJ6tUrWhDw==}
    engines: {node: '>=0.10.0'}
    dev: false

  /streamsearch/1.1.0:
    resolution: {integrity: sha512-Mcc5wHehp9aXz1ax6bZUyY5afg9u2rv5cqQI3mRrYkGC8rW2hM02jWuwjtL++LS5qinSyhj2QfLyNsuc+VsExg==}
    engines: {node: '>=10.0.0'}
    dev: false

  /strnum/1.0.5:
    resolution: {integrity: sha512-J8bbNyKKXl5qYcR36TIO8W3mVGVHrmmxsd5PAItGkmyzwJvybiw2IVq5nqd0i4LSNSkB/sx9VHllbfFdr9k1JA==}
    dev: false

  /styled-jsx/5.1.1_react@18.2.0:
    resolution: {integrity: sha512-pW7uC1l4mBZ8ugbiZrcIsiIvVx1UmTfw7UkC3Um2tmfUq9Bhk8IiyEIPl6F8agHgjzku6j0xQEZbfA5uSgSaCw==}
    engines: {node: '>= 12.0.0'}
    peerDependencies:
      '@babel/core': '*'
      babel-plugin-macros: '*'
      react: '>= 16.8.0 || 17.x.x || ^18.0.0-0'
    peerDependenciesMeta:
      '@babel/core':
        optional: true
      babel-plugin-macros:
        optional: true
    dependencies:
      client-only: 0.0.1
      react: 18.2.0
    dev: false

  /swr/1.3.0_react@18.2.0:
    resolution: {integrity: sha512-dkghQrOl2ORX9HYrMDtPa7LTVHJjCTeZoB1dqTbnnEDlSvN8JEKpYIYurDfvbQFUUS8Cg8PceFVZNkW0KNNYPw==}
    peerDependencies:
      react: ^16.11.0 || ^17.0.0 || ^18.0.0
    dependencies:
      react: 18.2.0
    dev: false

  /tslib/1.14.1:
    resolution: {integrity: sha512-Xni35NKzjgMrwevysHTCArtLDpPvye8zV/0E4EyYn43P7/7qvQwPh9BGkHewbMulVntbigmcT7rdX3BNo9wRJg==}
    dev: false

  /tslib/2.5.2:
    resolution: {integrity: sha512-5svOrSA2w3iGFDs1HibEVBGbDrAY82bFQ3HZ3ixB+88nsbsWQoKqDRb5UBYAUPEzbBn6dAp5gRNXglySbx1MlA==}
    dev: false

  /turbo-darwin-64/1.10.1:
    resolution: {integrity: sha512-isLLoPuAOMNsYovOq9BhuQOZWQuU13zYsW988KkkaA4OJqOn7qwa9V/KBYCJL8uVQqtG+/Y42J37lO8RJjyXuA==}
    cpu: [x64]
    os: [darwin]
    requiresBuild: true
    dev: true
    optional: true

  /turbo-darwin-arm64/1.10.1:
    resolution: {integrity: sha512-x1nloPR10fLElNCv17BKr0kCx/O5gse/UXAcVscMZH2tvRUtXrdBmut62uw2YU3J9hli2fszYjUWXkulVpQvFA==}
    cpu: [arm64]
    os: [darwin]
    requiresBuild: true
    dev: true
    optional: true

  /turbo-linux-64/1.10.1:
    resolution: {integrity: sha512-abV+ODCeOlz0503OZlHhPWdy3VwJZc1jObf1VQj7uQM+JqJ/kXbMyqJIMQVz+m7QJUFdferYPRxGhYT/NbYK7Q==}
    cpu: [x64]
    os: [linux]
    requiresBuild: true
    dev: true
    optional: true

  /turbo-linux-arm64/1.10.1:
    resolution: {integrity: sha512-zRC3nZbHQ63tofOmbuySzEn1ROISWTkemYYr1L98rpmT5aVa0kERlGiYcfDwZh3cBso/Ylg/wxexRAaPzcCJYQ==}
    cpu: [arm64]
    os: [linux]
    requiresBuild: true
    dev: true
    optional: true

  /turbo-windows-64/1.10.1:
    resolution: {integrity: sha512-Irqz8IU+o7Q/5V44qatZBTunk+FQAOII1hZTsEU54ah62f9Y297K6/LSp+yncmVQOZlFVccXb6MDqcETExIQtA==}
    cpu: [x64]
    os: [win32]
    requiresBuild: true
    dev: true
    optional: true

  /turbo-windows-arm64/1.10.1:
    resolution: {integrity: sha512-124IT15d2gyjC+NEn11pHOaVFvZDRHpxfF+LDUzV7YxfNIfV0mGkR3R/IyVXtQHOgqOdtQTbC4y411sm31+SEw==}
    cpu: [arm64]
    os: [win32]
    requiresBuild: true
    dev: true
    optional: true

  /turbo/1.10.1:
    resolution: {integrity: sha512-wq0YeSv6P/eEDXOL42jkMUr+T4z34dM8mdHu5u6C6OOAq8JuLJ72F/v4EVR1JmY8icyTkFz10ICLV0haUUYhbQ==}
    hasBin: true
    requiresBuild: true
    optionalDependencies:
      turbo-darwin-64: 1.10.1
      turbo-darwin-arm64: 1.10.1
      turbo-linux-64: 1.10.1
      turbo-linux-arm64: 1.10.1
      turbo-windows-64: 1.10.1
      turbo-windows-arm64: 1.10.1
    dev: true

  /uuid/8.3.2:
    resolution: {integrity: sha512-+NYs2QeMWy+GWFOEm9xnn6HCDp0l7QBD7ml8zLUmJ+93Q5NF0NocErnwkTkXVFNiX3/fpC6afS8Dhb/gz7R7eg==}
    hasBin: true
    dev: false

  /zod/3.21.4:
    resolution: {integrity: sha512-m46AKbrzKVzOzs/DZgVnG5H55N1sv1M8qZU3A8RIKbs3mrACDNeIOeilDymVb2HdmP8uwshOCF4uJ8uM9rCqJw==}
    dev: false
