lockfileVersion: 5.4

specifiers:
  '@playwright/test': ^1.25.2
  '@swc/cli': ^0.1.57
  '@swc/core': ^1.3.2
  front-matter: ^4.0.2
  sluga: ^0.2.1
  typescript: ^4.8.3

dependencies:
  front-matter: 4.0.2
  sluga: 0.2.1

devDependencies:
  '@playwright/test': 1.25.2
  '@swc/cli': 0.1.57_@swc+core@1.3.2
  '@swc/core': 1.3.2
  typescript: 4.8.3

packages:
  /@nodelib/fs.scandir/2.1.5:
    resolution:
      {
        integrity: sha512-vq24Bq3ym5HEQm2NKCr3yXDwjc7vTsEThRDnkp2DK9p1uqLR+DHurm/NOTo0KG7HYHU7eppKZj3MyqYuMBf62g==,
      }
    engines: { node: '>= 8' }
    dependencies:
      '@nodelib/fs.stat': 2.0.5
      run-parallel: 1.2.0
    dev: true

  /@nodelib/fs.stat/2.0.5:
    resolution:
      {
        integrity: sha512-RkhPPp2zrqDAQA/2jNhnztcPAlv64XdhIp7a7454A5ovI7Bukxgt7MX7udwAu3zg1DcpPU0rz3VV1SeaqvY4+A==,
      }
    engines: { node: '>= 8' }
    dev: true

  /@nodelib/fs.walk/1.2.8:
    resolution:
      {
        integrity: sha512-oGB+UxlgWcgQkgwo8GcEGwemoTFt3FIO9ababBmaGwXIoBKZ+GTy0pP185beGg7Llih/NSHSV2XAs1lnznocSg==,
      }
    engines: { node: '>= 8' }
    dependencies:
      '@nodelib/fs.scandir': 2.1.5
      fastq: 1.13.0
    dev: true

  /@playwright/test/1.25.2:
    resolution:
      {
        integrity: sha512-6qPznIR4Fw02OMbqXUPMG6bFFg1hDVNEdihKy0t9K0dmRbus1DyP5Q5XFQhGwEHQkLG5hrSfBuu9CW/foqhQHQ==,
      }
    engines: { node: '>=14' }
    hasBin: true
    dependencies:
      '@types/node': 18.7.18
      playwright-core: 1.25.2
    dev: true

  /@swc/cli/0.1.57_@swc+core@1.3.2:
    resolution:
      {
        integrity: sha512-HxM8TqYHhAg+zp7+RdTU69bnkl4MWdt1ygyp6BDIPjTiaJVH6Dizn2ezbgDS8mnFZI1FyhKvxU/bbaUs8XhzQg==,
      }
    engines: { node: '>= 12.13' }
    hasBin: true
    peerDependencies:
      '@swc/core': ^1.2.66
      chokidar: ^3.5.1
    peerDependenciesMeta:
      chokidar:
        optional: true
    dependencies:
      '@swc/core': 1.3.2
      commander: 7.2.0
      fast-glob: 3.2.12
      slash: 3.0.0
      source-map: 0.7.4
    dev: true

  /@swc/core-android-arm-eabi/1.3.2:
    resolution:
      {
        integrity: sha512-jCqckwATVC4HbNjjrJii6xZzFKl7ecxVtY94odGD15+7qu5VCMuLD+Pj3bYxIQxQyzvi1z8S/187uUrAKMC2/w==,
      }
    engines: { node: '>=10' }
    cpu: [arm]
    os: [android]
    requiresBuild: true
    dependencies:
      '@swc/wasm': 1.2.122
    dev: true
    optional: true

  /@swc/core-android-arm64/1.3.2:
    resolution:
      {
        integrity: sha512-zZ3EX5jmY6kTBlnAqLmIhDFGlsAB3Tiwk/sqoMLruZT1RsueDToQAXtjT5TWSlPh/GXAZyJQwqar2xIdi5pPAA==,
      }
    engines: { node: '>=10' }
    cpu: [arm64]
    os: [android]
    requiresBuild: true
    dependencies:
      '@swc/wasm': 1.2.130
    dev: true
    optional: true

  /@swc/core-darwin-arm64/1.3.2:
    resolution:
      {
        integrity: sha512-YQpbRkd5zhycr+Nl1mm1p7koFqr8hsY8Z7XzNjfNIaJeFsXg9wjjH7yVmedQl+If+ibaPWpS3gMWfcIoUhdvGg==,
      }
    engines: { node: '>=10' }
    cpu: [arm64]
    os: [darwin]
    requiresBuild: true
    dev: true
    optional: true

  /@swc/core-darwin-x64/1.3.2:
    resolution:
      {
        integrity: sha512-DMvvdWgi/2dHtSGk4m6OcmlW8AAEUUl7Zys+Sxp+AtyIlQvn0Lbw9HCMPG6pqC0SHEO1kcNj6f6ARt3lL25jSA==,
      }
    engines: { node: '>=10' }
    cpu: [x64]
    os: [darwin]
    requiresBuild: true
    dev: true
    optional: true

  /@swc/core-freebsd-x64/1.3.2:
    resolution:
      {
        integrity: sha512-GUXqDnmJTWZBoTbOMOKG+mw/jJ7dAOOKuUKwnQvyzconLkqHZZfJTimDsc1KWpikf9IPdQNY0+0/NqAVPGA0Dg==,
      }
    engines: { node: '>=10' }
    cpu: [x64]
    os: [freebsd]
    requiresBuild: true
    dependencies:
      '@swc/wasm': 1.2.130
    dev: true
    optional: true

  /@swc/core-linux-arm-gnueabihf/1.3.2:
    resolution:
      {
        integrity: sha512-Df3ln4IhiFxOYBNr/x192tXhRBTVEhJPMLRDl9Q0WY/lvPp/n5Ee0VgKR1CaQ16bg3/z3lZjXrZRBw01kENEew==,
      }
    engines: { node: '>=10' }
    cpu: [arm]
    os: [linux]
    requiresBuild: true
    dependencies:
      '@swc/wasm': 1.2.130
    dev: true
    optional: true

  /@swc/core-linux-arm64-gnu/1.3.2:
    resolution:
      {
        integrity: sha512-jPtcA61HqWFxlIr5OCToa97kqTS6u4I2GJR5whc8u2rSzn2N+M5CfqskOGHBETcEhUWfFa0hJq3+i6w9lqKV+w==,
      }
    engines: { node: '>=10' }
    cpu: [arm64]
    os: [linux]
    requiresBuild: true
    dev: true
    optional: true

  /@swc/core-linux-arm64-musl/1.3.2:
    resolution:
      {
        integrity: sha512-GhGM49GTzpjxKrzi8IpyHNlrJkOwiS6Pk4xhy3D7nrbB5KppU8O+lppkiRjiF9awD+mIzFq27TdokbmEoQcXaQ==,
      }
    engines: { node: '>=10' }
    cpu: [arm64]
    os: [linux]
    requiresBuild: true
    dev: true
    optional: true

  /@swc/core-linux-x64-gnu/1.3.2:
    resolution:
      {
        integrity: sha512-JgN5rGHAKe2hvtU1H1V9toxSDWKEAWbrrb+/Wp/6CrxBxNgexmgXuDGt0VP21jbRA2qTRNEhx9zzuzZK9ggNTQ==,
      }
    engines: { node: '>=10' }
    cpu: [x64]
    os: [linux]
    requiresBuild: true
    dev: true
    optional: true

  /@swc/core-linux-x64-musl/1.3.2:
    resolution:
      {
        integrity: sha512-VpT6jgU7qqNjQmKt5RaOpkocv9MI5FTxWon4OQvTc+kHCoTAmXIndaW6aA+j4VEDSTJ/7DQAFWSXpSCffoQMsA==,
      }
    engines: { node: '>=10' }
    cpu: [x64]
    os: [linux]
    requiresBuild: true
    dev: true
    optional: true

  /@swc/core-win32-arm64-msvc/1.3.2:
    resolution:
      {
        integrity: sha512-bilVzxfq5upHsil1WwPSoArZLkhPJyqJJ+5EzbiDS3Y38BPkPYZuN0h6sKuEiXLMHGODXtzuAkSgQyy0VVQKIA==,
      }
    engines: { node: '>=10' }
    cpu: [arm64]
    os: [win32]
    requiresBuild: true
    dependencies:
      '@swc/wasm': 1.2.130
    dev: true
    optional: true

  /@swc/core-win32-ia32-msvc/1.3.2:
    resolution:
      {
        integrity: sha512-UzHbZvJnfGZKvoEPiHoKtKehtuiDuNP/mKKBAaG5Cnu8m47z/cE5Mi0onR2iJi1p64GX0RhRIBcGa8x9PVHGjA==,
      }
    engines: { node: '>=10' }
    cpu: [ia32]
    os: [win32]
    requiresBuild: true
    dependencies:
      '@swc/wasm': 1.2.130
    dev: true
    optional: true

  /@swc/core-win32-x64-msvc/1.3.2:
    resolution:
      {
        integrity: sha512-RSFgS2imGONhdN8anvDI+8wL+sinmeKUy2SmSiy8hSmqke1bCslirULCckyGzQAIMf3qCjuaTXxOFiQrsoSoIA==,
      }
    engines: { node: '>=10' }
    cpu: [x64]
    os: [win32]
    requiresBuild: true
    dev: true
    optional: true

  /@swc/core/1.3.2:
    resolution:
      {
        integrity: sha512-p2nLRVgtaz/v5UkNW9Ur5WrQUKB5YH1X7mE15UD2kihiAMc/04wvo0SNLW0BIeGSqeFdoZQ45TX5uOIxhAvRSg==,
      }
    engines: { node: '>=10' }
    hasBin: true
    requiresBuild: true
    optionalDependencies:
      '@swc/core-android-arm-eabi': 1.3.2
      '@swc/core-android-arm64': 1.3.2
      '@swc/core-darwin-arm64': 1.3.2
      '@swc/core-darwin-x64': 1.3.2
      '@swc/core-freebsd-x64': 1.3.2
      '@swc/core-linux-arm-gnueabihf': 1.3.2
      '@swc/core-linux-arm64-gnu': 1.3.2
      '@swc/core-linux-arm64-musl': 1.3.2
      '@swc/core-linux-x64-gnu': 1.3.2
      '@swc/core-linux-x64-musl': 1.3.2
      '@swc/core-win32-arm64-msvc': 1.3.2
      '@swc/core-win32-ia32-msvc': 1.3.2
      '@swc/core-win32-x64-msvc': 1.3.2
    dev: true

  /@swc/wasm/1.2.122:
    resolution:
      {
        integrity: sha512-sM1VCWQxmNhFtdxME+8UXNyPNhxNu7zdb6ikWpz0YKAQQFRGT5ThZgJrubEpah335SUToNg8pkdDF7ibVCjxbQ==,
      }
    requiresBuild: true
    dev: true
    optional: true

  /@swc/wasm/1.2.130:
    resolution:
      {
        integrity: sha512-rNcJsBxS70+pv8YUWwf5fRlWX6JoY/HJc25HD/F8m6Kv7XhJdqPPMhyX6TKkUBPAG7TWlZYoxa+rHAjPy4Cj3Q==,
      }
    requiresBuild: true
    dev: true
    optional: true

  /@types/node/18.7.18:
    resolution:
      {
        integrity: sha512-m+6nTEOadJZuTPkKR/SYK3A2d7FZrgElol9UP1Kae90VVU4a6mxnPuLiIW1m4Cq4gZ/nWb9GrdVXJCoCazDAbg==,
      }
    dev: true

  /argparse/1.0.10:
    resolution:
      {
        integrity: sha512-o5Roy6tNG4SL/FOkCAN6RzjiakZS25RLYFrcMttJqbdd8BWrnA+fGz57iN5Pb06pvBGvl5gQ0B48dJlslXvoTg==,
      }
    dependencies:
      sprintf-js: 1.0.3
    dev: false

  /braces/3.0.2:
    resolution:
      {
        integrity: sha512-b8um+L1RzM3WDSzvhm6gIz1yfTbBt6YTlcEKAvsmqCZZFw46z626lVj9j1yEPW33H5H+lBQpZMP1k8l+78Ha0A==,
      }
    engines: { node: '>=8' }
    dependencies:
      fill-range: 7.0.1
    dev: true

  /commander/7.2.0:
    resolution:
      {
        integrity: sha512-QrWXB+ZQSVPmIWIhtEO9H+gwHaMGYiF5ChvoJ+K9ZGHG/sVsa6yiesAD1GC/x46sET00Xlwo1u49RVVVzvcSkw==,
      }
    engines: { node: '>= 10' }
    dev: true

  /escape-string-regexp/2.0.0:
    resolution:
      {
        integrity: sha512-UpzcLCXolUWcNu5HtVMHYdXJjArjsF9C0aNnquZYY4uW/Vu0miy5YoWvbV345HauVvcAUnpRuhMMcqTcGOY2+w==,
      }
    engines: { node: '>=8' }
    dev: false

  /esprima/4.0.1:
    resolution:
      {
        integrity: sha512-eGuFFw7Upda+g4p+QHvnW0RyTX/SVeJBDM/gCtMARO0cLuT2HcEKnTPvhjV6aGeqrCB/sbNop0Kszm0jsaWU4A==,
      }
    engines: { node: '>=4' }
    hasBin: true
    dev: false

  /fast-glob/3.2.12:
    resolution:
      {
        integrity: sha512-DVj4CQIYYow0BlaelwK1pHl5n5cRSJfM60UA0zK891sVInoPri2Ekj7+e1CT3/3qxXenpI+nBBmQAcJPJgaj4w==,
      }
    engines: { node: '>=8.6.0' }
    dependencies:
      '@nodelib/fs.stat': 2.0.5
      '@nodelib/fs.walk': 1.2.8
      glob-parent: 5.1.2
      merge2: 1.4.1
      micromatch: 4.0.5
    dev: true

  /fastq/1.13.0:
    resolution:
      {
        integrity: sha512-YpkpUnK8od0o1hmeSc7UUs/eB/vIPWJYjKck2QKIzAf71Vm1AAQ3EbuZB3g2JIy+pg+ERD0vqI79KyZiB2e2Nw==,
      }
    dependencies:
      reusify: 1.0.4
    dev: true

  /fill-range/7.0.1:
    resolution:
      {
        integrity: sha512-qOo9F+dMUmC2Lcb4BbVvnKJxTPjCm+RRpe4gDuGrzkL7mEVl/djYSu2OdQ2Pa302N4oqkSg9ir6jaLWJ2USVpQ==,
      }
    engines: { node: '>=8' }
    dependencies:
      to-regex-range: 5.0.1
    dev: true

  /front-matter/4.0.2:
    resolution:
      {
        integrity: sha512-I8ZuJ/qG92NWX8i5x1Y8qyj3vizhXS31OxjKDu3LKP+7/qBgfIKValiZIEwoVoJKUHlhWtYrktkxV1XsX+pPlg==,
      }
    dependencies:
      js-yaml: 3.14.1
    dev: false

  /glob-parent/5.1.2:
    resolution:
      {
        integrity: sha512-AOIgSQCepiJYwP3ARnGx+5VnTu2HBYdzbGP45eLw1vr3zB3vZLeyed1sC9hnbcOc9/SrMyM5RPQrkGz4aS9Zow==,
      }
    engines: { node: '>= 6' }
    dependencies:
      is-glob: 4.0.3
    dev: true

  /is-extglob/2.1.1:
    resolution:
      {
        integrity: sha512-SbKbANkN603Vi4jEZv49LeVJMn4yGwsbzZworEoyEiutsN3nJYdbO36zfhGJ6QEDpOZIFkDtnq5JRxmvl3jsoQ==,
      }
    engines: { node: '>=0.10.0' }
    dev: true

  /is-glob/4.0.3:
    resolution:
      {
        integrity: sha512-xelSayHH36ZgE7ZWhli7pW34hNbNl8Ojv5KVmkJD4hBdD3th8Tfk9vYasLM+mXWOZhFkgZfxhLSnrwRr4elSSg==,
      }
    engines: { node: '>=0.10.0' }
    dependencies:
      is-extglob: 2.1.1
    dev: true

  /is-number/7.0.0:
    resolution:
      {
        integrity: sha512-41Cifkg6e8TylSpdtTpeLVMqvSBEVzTttHvERD741+pnZ8ANv0004MRL43QKPDlK9cGvNp6NZWZUBlbGXYxxng==,
      }
    engines: { node: '>=0.12.0' }
    dev: true

  /js-yaml/3.14.1:
    resolution:
      {
        integrity: sha512-okMH7OXXJ7YrN9Ok3/SXrnu4iX9yOk+25nqX4imS2npuvTYDmo/QEZoqwZkYaIDk3jVvBOTOIEgEhaLOynBS9g==,
      }
    hasBin: true
    dependencies:
      argparse: 1.0.10
      esprima: 4.0.1
    dev: false

  /lodash.deburr/4.1.0:
    resolution:
      {
        integrity: sha512-m/M1U1f3ddMCs6Hq2tAsYThTBDaAKFDX3dwDo97GEYzamXi9SqUpjWi/Rrj/gf3X2n8ktwgZrlP1z6E3v/IExQ==,
      }
    dev: false

  /merge2/1.4.1:
    resolution:
      {
        integrity: sha512-8q7VEgMJW4J8tcfVPy8g09NcQwZdbwFEqhe/WZkoIzjn/3TGDwtOCYtXGxA3O8tPzpczCCDgv+P2P5y00ZJOOg==,
      }
    engines: { node: '>= 8' }
    dev: true

  /micromatch/4.0.5:
    resolution:
      {
        integrity: sha512-DMy+ERcEW2q8Z2Po+WNXuw3c5YaUSFjAO5GsJqfEl7UjvtIuFKO6ZrKvcItdy98dwFI2N1tg3zNIdKaQT+aNdA==,
      }
    engines: { node: '>=8.6' }
    dependencies:
      braces: 3.0.2
      picomatch: 2.3.1
    dev: true

  /picomatch/2.3.1:
    resolution:
      {
        integrity: sha512-JU3teHTNjmE2VCGFzuY8EXzCDVwEqB2a8fsIvwaStHhAWJEeVd1o1QD80CU6+ZdEXXSLbSsuLwJjkCBWqRQUVA==,
      }
    engines: { node: '>=8.6' }
    dev: true

  /playwright-core/1.25.2:
    resolution:
      {
        integrity: sha512-0yTbUE9lIddkEpLHL3u8PoCL+pWiZtj5A/j3U7YoNjcmKKDGBnCrgHJMzwd2J5vy6l28q4ki3JIuz7McLHhl1A==,
      }
    engines: { node: '>=14' }
    hasBin: true
    dev: true

  /queue-microtask/1.2.3:
    resolution:
      {
        integrity: sha512-NuaNSa6flKT5JaSYQzJok04JzTL1CA6aGhv5rfLW3PgqA+M2ChpZQnAC8h8i4ZFkBS8X5RqkDBHA7r4hej3K9A==,
      }
    dev: true

  /reusify/1.0.4:
    resolution:
      {
        integrity: sha512-U9nH88a3fc/ekCF1l0/UP1IosiuIjyTh7hBvXVMHYgVcfGvt897Xguj2UOLDeI5BG2m7/uwyaLVT6fbtCwTyzw==,
      }
    engines: { iojs: '>=1.0.0', node: '>=0.10.0' }
    dev: true

  /run-parallel/1.2.0:
    resolution:
      {
        integrity: sha512-5l4VyZR86LZ/lDxZTR6jqL8AFE2S0IFLMP26AbjsLVADxHdhB/c0GUsH+y39UfCi3dzz8OlQuPmnaJOMoDHQBA==,
      }
    dependencies:
      queue-microtask: 1.2.3
    dev: true

  /slash/3.0.0:
    resolution:
      {
        integrity: sha512-g9Q1haeby36OSStwb4ntCGGGaKsaVSjQ68fBxoQcutl5fS1vuY18H3wSt3jFyFtrkx+Kz0V1G85A4MyAdDMi2Q==,
      }
    engines: { node: '>=8' }
    dev: true

  /sluga/0.2.1:
    resolution:
      {
        integrity: sha512-FGyx1oH3j8sjBRQUN0mgg5y5hZOLMBODZiEq1HRaaKLQNTBUDD6lJReHJ8DVxfbhyV2smbjcNxhzZJ9oTzuJhA==,
      }
    engines: { node: '>=10' }
    dependencies:
      escape-string-regexp: 2.0.0
      lodash.deburr: 4.1.0
    dev: false

  /source-map/0.7.4:
    resolution:
      {
        integrity: sha512-l3BikUxvPOcn5E74dZiq5BGsTb5yEwhaTSzccU6t4sDOH8NWJCstKO5QT2CvtFoK6F0saL7p9xHAqHOlCPJygA==,
      }
    engines: { node: '>= 8' }
    dev: true

  /sprintf-js/1.0.3:
    resolution:
      {
        integrity: sha512-D9cPgkvLlV3t3IzL0D0YLvGA9Ahk4PcvVwUbN0dSGr1aP0Nrt4AEnTUbuGvquEC0mA64Gqt1fzirlRs5ibXx8g==,
      }
    dev: false

  /to-regex-range/5.0.1:
    resolution:
      {
        integrity: sha512-65P7iz6X5yEr1cwcgvQxbbIw7Uk3gOy5dIdtZ4rDveLqhrdJP+Li/Hx6tyK0NEb+2GCyneCMJiGqrADCSNk8sQ==,
      }
    engines: { node: '>=8.0' }
    dependencies:
      is-number: 7.0.0
    dev: true

  /typescript/4.8.3:
    resolution:
      {
        integrity: sha512-goMHfm00nWPa8UvR/CPSvykqf6dVV8x/dp0c5mFTMTIu0u0FlGWRioyy7Nn0PGAdHxpJZnuO/ut+PpQ8UiHAig==,
      }
    engines: { node: '>=4.2.0' }
    hasBin: true
    dev: true
