{
  "name": "edge-functions",
  "version": "0.1.0",
  "lockfileVersion": 2,
  "requires": true,
  "packages": {
    "": {
      "name": "edge-functions",
      "version": "0.1.0",
      "devDependencies": {
        "prettier": "^2.4.0"
      }
    },
    "node_modules/prettier": {
      "version": "2.4.0",
      "resolved": "https://registry.npmjs.org/prettier/-/prettier-2.4.0.tgz",
      "integrity": "sha512-DsEPLY1dE5HF3BxCRBmD4uYZ+5DCbvatnolqTqcxEgKVZnL2kUfyu7b8pPQ5+hTBkdhU9SLUmK0/pHb07RE4WQ==",
      "dev": true,
      "bin": {
        "prettier": "bin-prettier.js"
      },
      "engines": {
        "node": ">=10.13.0"
      }
    }
  },
  "dependencies": {
    "prettier": {
      "version": "2.4.0",
      "resolved": "https://registry.npmjs.org/prettier/-/prettier-2.4.0.tgz",
      "integrity": "sha512-DsEPLY1dE5HF3BxCRBmD4uYZ+5DCbvatnolqTqcxEgKVZnL2kUfyu7b8pPQ5+hTBkdhU9SLUmK0/pHb07RE4WQ==",
      "dev": true
    }
  }
}
