lockfileVersion: 5.4

specifiers:
  '@upstash/ratelimit': ^0.4.3
  '@vercel/edge': ^0.3.4
  '@vercel/kv': ^0.2.2

dependencies:
  '@upstash/ratelimit': 0.4.3
  '@vercel/edge': 0.3.4
  '@vercel/kv': 0.2.2

packages:

  /@upstash/core-analytics/0.0.6:
    resolution: {integrity: sha512-cpPSR0XJAJs4Ddz9nq3tINlPS5aLfWVCqhhtHnXt4p7qr5+/Znlt1Es736poB/9rnl1hAHrOsOvVj46NEXcVqA==}
    engines: {node: '>=16.0.0'}
    dependencies:
      '@upstash/redis': 1.22.0
    transitivePeerDependencies:
      - encoding
    dev: false

  /@upstash/ratelimit/0.4.3:
    resolution: {integrity: sha512-Dsp9Mw09Flg28JRklKgFiCXqr3bqv8bbG0kgpUYoHjcgPPolFFyaYOj/I2HExvYLZiogl77NUavBoNvMOK0zUQ==}
    dependencies:
      '@upstash/core-analytics': 0.0.6
    transitivePeerDependencies:
      - encoding
    dev: false

  /@upstash/redis/1.21.0:
    resolution: {integrity: sha512-c6M+cl0LOgGK/7Gp6ooMkIZ1IDAJs8zFR+REPkoSkAq38o7CWFX5FYwYEqGZ6wJpUGBuEOr/7hTmippXGgL25A==}
    dependencies:
      isomorphic-fetch: 3.0.0
    transitivePeerDependencies:
      - encoding
    dev: false

  /@upstash/redis/1.22.0:
    resolution: {integrity: sha512-sXoJDoEqqik0HbrNE7yRWckOySEFsoBxfRdCgOqkc0w6py19ZZG50SpGkDDEUXSnBqP8VgGYXhWAiBpqxrt5oA==}
    dependencies:
      isomorphic-fetch: 3.0.0
    transitivePeerDependencies:
      - encoding
    dev: false

  /@vercel/edge/0.3.4:
    resolution: {integrity: sha512-dFU+yAUDQRwpuRGxRDlEO1LMq0y1LGsBgkyryQWe4w15/Fy2/lCnpvdIoAhHl3QvIGAxCLHzwRHsqfLRdpxgJQ==}
    dev: false

  /@vercel/kv/0.2.2:
    resolution: {integrity: sha512-mqnQOB6bkp4h5eObxfLNIlhlVqOGSH8cWOlC5pDVWTjX3zL8dETO1ZBl6M74HBmeBjbD5+J7wDJklRigY6UNKw==}
    engines: {node: '>=14.6'}
    dependencies:
      '@upstash/redis': 1.21.0
    transitivePeerDependencies:
      - encoding
    dev: false

  /isomorphic-fetch/3.0.0:
    resolution: {integrity: sha512-qvUtwJ3j6qwsF3jLxkZ72qCgjMysPzDfeV240JHiGZsANBYd+EEuu35v7dfrJ9Up0Ak07D7GGSkGhCHTqg/5wA==}
    dependencies:
      node-fetch: 2.6.12
      whatwg-fetch: 3.6.2
    transitivePeerDependencies:
      - encoding
    dev: false

  /node-fetch/2.6.12:
    resolution: {integrity: sha512-C/fGU2E8ToujUivIO0H+tpQ6HWo4eEmchoPIoXtxCrVghxdKq+QOHqEZW7tuP3KlV3bC8FRMO5nMCC7Zm1VP6g==}
    engines: {node: 4.x || >=6.0.0}
    peerDependencies:
      encoding: ^0.1.0
    peerDependenciesMeta:
      encoding:
        optional: true
    dependencies:
      whatwg-url: 5.0.0
    dev: false

  /tr46/0.0.3:
    resolution: {integrity: sha512-N3WMsuqV66lT30CrXNbEjx4GEwlow3v6rr4mCcv6prnfwhS01rkgyFdjPNBYd9br7LpXV1+Emh01fHnq2Gdgrw==}
    dev: false

  /webidl-conversions/3.0.1:
    resolution: {integrity: sha512-2JAn3z8AR6rjK8Sm8orRC0h/bcl/DqL7tRPdGZ4I1CjdF+EaMLmYxBHyXuKL849eucPFhvBoxMsflfOb8kxaeQ==}
    dev: false

  /whatwg-fetch/3.6.2:
    resolution: {integrity: sha512-bJlen0FcuU/0EMLrdbJ7zOnW6ITZLrZMIarMUVmdKtsGvZna8vxKYaexICWPfZ8qwf9fzNq+UEIZrnSaApt6RA==}
    dev: false

  /whatwg-url/5.0.0:
    resolution: {integrity: sha512-saE57nupxk6v3HY35+jzBwYa0rKSy0XR8JSxZPwgLr7ys0IBzhGviA1/TUGJLmSVqs8pb9AnvICXEuOHLprYTw==}
    dependencies:
      tr46: 0.0.3
      webidl-conversions: 3.0.1
    dev: false
