lockfileVersion: '9.0'

settings:
  autoInstallPeers: true
  excludeLinksFromLockfile: false

importers:

  .:
    dependencies:
      ai:
        specifier: 5.0.0-beta.34
        version: 5.0.0-beta.34(zod@3.25.76)
      hono:
        specifier: ^4.8.9
        version: 4.8.9
    devDependencies:
      '@types/node':
        specifier: ^20.11.17
        version: 20.11.17
      typescript:
        specifier: ^5.8.3
        version: 5.8.3

packages:

  '@ai-sdk/gateway@1.0.0-beta.19':
    resolution: {integrity: sha512-felWPMuECZRGx8xnmvH5dW3jywKTkGnw/tXN8szphGzEDr/BfxywuXijfPBG2WBUS6frPXsvSLDRdCm5W38PXA==}
    engines: {node: '>=18'}
    peerDependencies:
      zod: ^3.25.76 || ^4

  '@ai-sdk/provider-utils@3.0.0-beta.10':
    resolution: {integrity: sha512-e6WSsgM01au04/1L/v5daXHn00eKjPBQXl3jq3BfvQbQ1jo8Rls2pvrdkyVc25jBW4TV4Zm+tw+v6NAh5NPXMA==}
    engines: {node: '>=18'}
    peerDependencies:
      zod: ^3.25.76 || ^4

  '@ai-sdk/provider@2.0.0-beta.2':
    resolution: {integrity: sha512-vqhtZA7R24q1XnmfmIb1fZSmHMIaJH1BVQ+0kFnNJgqWsc+V8i+yfetZ37gUc4fXATFmBuS/6O7+RPoHsZ2Fqg==}
    engines: {node: '>=18'}

  '@opentelemetry/api@1.9.0':
    resolution: {integrity: sha512-3giAOQvZiH5F9bMlMiv8+GSPMeqg0dbaeo58/0SlA9sxSqZhnUtxzX9/2FzyhS9sWQf5S0GJE0AKBrFqjpeYcg==}
    engines: {node: '>=8.0.0'}

  '@standard-schema/spec@1.0.0':
    resolution: {integrity: sha512-m2bOd0f2RT9k8QJx1JN85cZYyH1RqFBdlwtkSlf4tBDYLCiiZnv1fIIwacK6cqwXavOydf0NPToMQgpKq+dVlA==}

  '@types/node@20.11.17':
    resolution: {integrity: sha512-QmgQZGWu1Yw9TDyAP9ZzpFJKynYNeOvwMJmaxABfieQoVoiVOS6MN1WSpqpRcbeA5+RW82kraAVxCCJg+780Qw==}

  ai@5.0.0-beta.34:
    resolution: {integrity: sha512-AFJ4p35AxA+1KFtnoouePLaAUpoj0IxIAoq/xgIv88qzYajTg4Sac5KaV4CDHFRLoF0L2cwhlFXt/Ss/zyBKkA==}
    engines: {node: '>=18'}
    peerDependencies:
      zod: ^3.25.76 || ^4

  eventsource-parser@3.0.3:
    resolution: {integrity: sha512-nVpZkTMM9rF6AQ9gPJpFsNAMt48wIzB5TQgiTLdHiuO8XEDhUgZEhqKlZWXbIzo9VmJ/HvysHqEaVeD5v9TPvA==}
    engines: {node: '>=20.0.0'}

  hono@4.8.9:
    resolution: {integrity: sha512-ERIxkXMRhUxGV7nS/Af52+j2KL60B1eg+k6cPtgzrGughS+espS9KQ7QO0SMnevtmRlBfAcN0mf1jKtO6j/doA==}
    engines: {node: '>=16.9.0'}

  json-schema@0.4.0:
    resolution: {integrity: sha512-es94M3nTIfsEPisRafak+HDLfHXnKBhV3vU5eqPcS3flIWqcxJWgXHXiey3YrpaNsanY5ei1VoYEbOzijuq9BA==}

  typescript@5.8.3:
    resolution: {integrity: sha512-p1diW6TqL9L07nNxvRMM7hMMw4c5XOo/1ibL4aAIGmSAt9slTE1Xgw5KWuof2uTOvCg9BY7ZRi+GaF+7sfgPeQ==}
    engines: {node: '>=14.17'}
    hasBin: true

  undici-types@5.26.5:
    resolution: {integrity: sha512-JlCMO+ehdEIKqlFxk6IfVoAUVmgz7cU7zD/h9XZ0qzeosSHmUJVOzSQvvYSYWXkFXC+IfLKSIffhv0sVZup6pA==}

  zod-to-json-schema@3.24.6:
    resolution: {integrity: sha512-h/z3PKvcTcTetyjl1fkj79MHNEjm+HpD6NXheWjzOekY7kV+lwDYnHw+ivHkijnCSMz1yJaWBD9vu/Fcmk+vEg==}
    peerDependencies:
      zod: ^3.24.1

  zod@3.25.76:
    resolution: {integrity: sha512-gzUt/qt81nXsFGKIFcC3YnfEAx5NkunCfnDlvuBSSFS02bcXu4Lmea0AFIUwbLWxWPx3d9p8S5QoaujKcNQxcQ==}

snapshots:

  '@ai-sdk/gateway@1.0.0-beta.19(zod@3.25.76)':
    dependencies:
      '@ai-sdk/provider': 2.0.0-beta.2
      '@ai-sdk/provider-utils': 3.0.0-beta.10(zod@3.25.76)
      zod: 3.25.76

  '@ai-sdk/provider-utils@3.0.0-beta.10(zod@3.25.76)':
    dependencies:
      '@ai-sdk/provider': 2.0.0-beta.2
      '@standard-schema/spec': 1.0.0
      eventsource-parser: 3.0.3
      zod: 3.25.76
      zod-to-json-schema: 3.24.6(zod@3.25.76)

  '@ai-sdk/provider@2.0.0-beta.2':
    dependencies:
      json-schema: 0.4.0

  '@opentelemetry/api@1.9.0': {}

  '@standard-schema/spec@1.0.0': {}

  '@types/node@20.11.17':
    dependencies:
      undici-types: 5.26.5

  ai@5.0.0-beta.34(zod@3.25.76):
    dependencies:
      '@ai-sdk/gateway': 1.0.0-beta.19(zod@3.25.76)
      '@ai-sdk/provider': 2.0.0-beta.2
      '@ai-sdk/provider-utils': 3.0.0-beta.10(zod@3.25.76)
      '@opentelemetry/api': 1.9.0
      zod: 3.25.76

  eventsource-parser@3.0.3: {}

  hono@4.8.9: {}

  json-schema@0.4.0: {}

  typescript@5.8.3: {}

  undici-types@5.26.5: {}

  zod-to-json-schema@3.24.6(zod@3.25.76):
    dependencies:
      zod: 3.25.76

  zod@3.25.76: {}
