lockfileVersion: '9.0'

settings:
  autoInstallPeers: true
  excludeLinksFromLockfile: false

importers:
  .:
    dependencies:
      '@vercel/examples-ui':
        specifier: ^2.0.1
        version: 2.0.4(next@16.3.3(@types/node@22.20.1)(react-dom@19.2.8(react@19.2.8))(react@19.2.8))(react-dom@19.2.8(react@19.2.8))(react@19.2.8)
      next:
        specifier: ^16.0.10
        version: 16.3.3(@types/node@22.20.1)(react-dom@19.2.8(react@19.2.8))(react@19.2.8)
      react:
        specifier: ^19.2.1
        version: 19.2.8
      react-dom:
        specifier: ^19.2.1
        version: 19.2.8(react@19.2.8)
    devDependencies:
      '@types/node':
        specifier: ^22.10.0
        version: 22.20.1
      '@types/react':
        specifier: ^19.2.0
        version: 19.2.18
      '@types/react-dom':
        specifier: ^19.2.0
        version: 19.2.5(@types/react@19.2.18)
      autoprefixer:
        specifier: ^10.4.21
        version: 10.5.4(postcss@8.5.26)
      postcss:
        specifier: ^8.5.6
        version: 8.5.26
      tailwindcss:
        specifier: ^3.4.17
        version: 3.4.19
      typescript:
        specifier: ^5.7.2
        version: 5.9.3

packages:
  '@alloc/quick-lru@5.2.0':
    resolution:
      {
        integrity: sha512-UrcABB+4bUrFABwbluTIBErXwvbsU/V7TZWfmbgJfbkwiBuziS9gxdODUyuiecfdGQ85jglMW6juS3+z5TsKLw==,
      }
    engines: { node: '>=10' }

  '@emnapi/runtime@1.11.3':
    resolution:
      {
        integrity: sha512-Xz4Tpyki7XyrpbUK1jR1AhdAdaXyhhY4lZ3neLodmhpuWfy2PAQN5B46sAiU4liOXGLkHypn/qU+jvfWSCYYLA==,
      }

  '@img/colour@1.1.0':
    resolution:
      {
        integrity: sha512-Td76q7j57o/tLVdgS746cYARfSyxk8iEfRxewL9h4OMzYhbW4TAcppl0mT4eyqXddh6L/jwoM75mo7ixa/pCeQ==,
      }
    engines: { node: '>=18' }

  '@img/sharp-darwin-arm64@0.35.4':
    resolution:
      {
        integrity: sha512-Uhfl4V4lhP2nbUVF9+hyH1+luj86f1gUFeo8ALYxFoULoU+G87D43BfeMP8XHsk9boxAnCY/bf2EHwhA7MuGsA==,
      }
    engines: { node: '>=20.9.0' }
    cpu: [arm64]
    os: [darwin]

  '@img/sharp-darwin-x64@0.35.4':
    resolution:
      {
        integrity: sha512-hWniXY3bG5qKpkKrAwPe4y+VTPmf086YQAnkxWh7uA1YrlRouWGa0M0Mxj3ZjnXFkv7/TD1bTy9lGUK26vRvWw==,
      }
    engines: { node: '>=20.9.0' }
    cpu: [x64]
    os: [darwin]

  '@img/sharp-freebsd-wasm32@0.35.4':
    resolution:
      {
        integrity: sha512-lIsKw/BU+kjB4eZjxrYrZmwOJYi3Ajrv66iAlBmUPyKc3HpnloevB1g3wxGD9P/5BbQ1brBGl65VRRrCvQDEqA==,
      }
    engines: { node: '>=20.9.0' }
    os: [freebsd]

  '@img/sharp-libvips-darwin-arm64@1.3.3':
    resolution:
      {
        integrity: sha512-suTBPTDGrI9WodccaDdwZItTSaBYASlBk1NSfElSHrUfzu3szG6lvIF58+WiFvnfzuK8ZBFS5zE00PxqxnRiPg==,
      }
    cpu: [arm64]
    os: [darwin]

  '@img/sharp-libvips-darwin-x64@1.3.3':
    resolution:
      {
        integrity: sha512-FVJZ5mITMobmXIz/hPDTw0EintTW5H3WfrxwLqEqjiIihlu+hVRyGrFQ60xl0Lxn7Bt3zdpevPaQi0HEzqz9fw==,
      }
    cpu: [x64]
    os: [darwin]

  '@img/sharp-libvips-linux-arm64@1.3.3':
    resolution:
      {
        integrity: sha512-0DaL0A6Xu6sQSQFwe4iVCrKWU2cCTItnRsYsCdxAMm9NF6twAA9BKnoqy4hqz4+azQ0JHuA26qiUKsf1XJ/v5A==,
      }
    cpu: [arm64]
    os: [linux]
    libc: [glibc]

  '@img/sharp-libvips-linux-arm@1.3.3':
    resolution:
      {
        integrity: sha512-3rbU4vqXXc3hY/OiXdl52xZvT0F1yEngWfvqudtPJg/KkyiaQw2DRsFrNzpmLvfavbwOq3qXn36GP8obHRULQA==,
      }
    cpu: [arm]
    os: [linux]
    libc: [glibc]

  '@img/sharp-libvips-linux-ppc64@1.3.3':
    resolution:
      {
        integrity: sha512-cdn1OvUBwsXhbC0zSzJnNzf5MZ/mTrobawDvNXBTxe8VtqKAm0sRuEY2Evzovb/w9JMk4TvRxqt1mekSuJz64w==,
      }
    cpu: [ppc64]
    os: [linux]
    libc: [glibc]

  '@img/sharp-libvips-linux-riscv64@1.3.3':
    resolution:
      {
        integrity: sha512-HjPVx7yKz+0lqdhDlTw1tt90wamBoxhiXpvl1XZpJLiHH4RCJ5yDTqH+VlYPv2fwFs89JFw4c1IexYOcQUi4IQ==,
      }
    cpu: [riscv64]
    os: [linux]
    libc: [glibc]

  '@img/sharp-libvips-linux-s390x@1.3.3':
    resolution:
      {
        integrity: sha512-neWLh+3yCNThxnfy3c4BbVBeGgt9aftno+XbT56iK28RgeDs3UOFWviLWlUu0bArYVYJaFDK+RRohbicUNCm8Q==,
      }
    cpu: [s390x]
    os: [linux]
    libc: [glibc]

  '@img/sharp-libvips-linux-x64@1.3.3':
    resolution:
      {
        integrity: sha512-4vKmvAst9nrowcqquKFAyZJUDolUaIp8uRiN0mWFguJ1IplC9/pitXtlnnlU4aa/eJw3J7i67V+pwUL+wZGdsA==,
      }
    cpu: [x64]
    os: [linux]
    libc: [glibc]

  '@img/sharp-libvips-linuxmusl-arm64@1.3.3':
    resolution:
      {
        integrity: sha512-Y9kQaLMuNoB0bPYOOdcZMaseNrFpPodIWWMrx+CZyydf2xn68j9WYc6sWWRrDwNkzCQjKYfc68L7jKjGlHMibw==,
      }
    cpu: [arm64]
    os: [linux]
    libc: [musl]

  '@img/sharp-libvips-linuxmusl-x64@1.3.3':
    resolution:
      {
        integrity: sha512-fj8Mv0HHfD1Rr+4I68+3agJynxDWtBFgicTbSOb9Bke6pIwzGcJ+RX/yHjmiEGFMCavY/dxvem7MyNaJF+wDiw==,
      }
    cpu: [x64]
    os: [linux]
    libc: [musl]

  '@img/sharp-linux-arm64@0.35.4':
    resolution:
      {
        integrity: sha512-De4jpEnAU8Hd5oT0j1G3uL4ZvTuipVMn7YC6vPaJhy6/7EwEae0SVAoBrUMYQbkLGDm85taVWwuPc1a44LTzCQ==,
      }
    engines: { node: '>=20.9.0' }
    cpu: [arm64]
    os: [linux]
    libc: [glibc]

  '@img/sharp-linux-arm@0.35.4':
    resolution:
      {
        integrity: sha512-7OAS8gI0EReKGVN2HssHlM6umJgxF5VI3xN0p9FA91p/YO+ou5hiNghLdZ5BEHztwaaK5+bLKRf8x/o2L2nk9A==,
      }
    engines: { node: '>=20.9.0' }
    cpu: [arm]
    os: [linux]
    libc: [glibc]

  '@img/sharp-linux-ppc64@0.35.4':
    resolution:
      {
        integrity: sha512-2oYZJeIl4kCcMGk4ouZVjnkCtFrpQFlNEtJ6GbxzhHQchwH0NH/qEb9ykmOl29dqwMq+JhFdZn+1ak2FKhI9fQ==,
      }
    engines: { node: '>=20.9.0' }
    cpu: [ppc64]
    os: [linux]
    libc: [glibc]

  '@img/sharp-linux-riscv64@0.35.4':
    resolution:
      {
        integrity: sha512-cPbNChoRURAWdebDIHSenxRpgEdy7JkPydSnUxRm9VvKD7m0/xVaR/8Fzlu81pk5nHEvHH87UZUA7cTtwnbJSA==,
      }
    engines: { node: '>=20.9.0' }
    cpu: [riscv64]
    os: [linux]
    libc: [glibc]

  '@img/sharp-linux-s390x@0.35.4':
    resolution:
      {
        integrity: sha512-RY0JFY8Fd6RonCBtHz+DvadaPkXDSI1AUn6yWL9TipqkZ1vY8w8evqdgyDFnkm4/K1ve1TvZiaePP5oSd4+WVQ==,
      }
    engines: { node: '>=20.9.0' }
    cpu: [s390x]
    os: [linux]
    libc: [glibc]

  '@img/sharp-linux-x64@0.35.4':
    resolution:
      {
        integrity: sha512-9qvvEAuk8k89TfWUoX2htWjbAMX8p+NxCppjpcg5k6xMsjhBQPTsoIh36h9Qde4WRuGpJeYnOjdosDn/cnv+OA==,
      }
    engines: { node: '>=20.9.0' }
    cpu: [x64]
    os: [linux]
    libc: [glibc]

  '@img/sharp-linuxmusl-arm64@0.35.4':
    resolution:
      {
        integrity: sha512-KB5jxpfWQTr0nc3xdHtWChdbifHrBGsd2SM62Eyxrl8afikm+f5qGBU75SJIZBT/S1MC8XyacdlXBMSWq6OURA==,
      }
    engines: { node: '>=20.9.0' }
    cpu: [arm64]
    os: [linux]
    libc: [musl]

  '@img/sharp-linuxmusl-x64@0.35.4':
    resolution:
      {
        integrity: sha512-f+eZJZIQNEEd26RPSW+76chwOf1XtA2Y/O+5ocVyLliHkeih3e+jhLVBdNTd2rS3IbNXK8+ug93Vf5ZXtF5Lxg==,
      }
    engines: { node: '>=20.9.0' }
    cpu: [x64]
    os: [linux]
    libc: [musl]

  '@img/sharp-wasm32@0.35.4':
    resolution:
      {
        integrity: sha512-zQnl4Kwp7Q6NHsENtU2T/00Zi+w3AQNwz3+UaTyVBy2FpXrzXzGjndpK61onhZjRtRpQXxCTeqw19bVyXOh7jA==,
      }
    engines: { node: '>=20.9.0' }

  '@img/sharp-webcontainers-wasm32@0.35.4':
    resolution:
      {
        integrity: sha512-ESfNkywmCfPNyaZjxooddJQiQ+l/nTpGEOGthxiLnIHXC/CmcBixnfwUleX9mCz9ovrUUvKMap/pm8RYbzfwaA==,
      }
    engines: { node: '>=20.9.0' }
    cpu: [wasm32]

  '@img/sharp-win32-arm64@0.35.4':
    resolution:
      {
        integrity: sha512-iNdlBX9gLVvqe2I3uIJSIKTq6wckP/DYxZtcqxm09x5Gi24DnFBmPAWZmr60ZyYMG0xlzo6goG3670ar+RXvRw==,
      }
    engines: { node: '>=20.9.0' }
    cpu: [arm64]
    os: [win32]

  '@img/sharp-win32-ia32@0.35.4':
    resolution:
      {
        integrity: sha512-kqRsbaa5CS6KHlpxnN7WhE6vAAugXyZButpRdvDWetlv6Qv4N9WTcrWzF7tXfB9T7MsoadqdI8hmwLq6UlLvtw==,
      }
    engines: { node: ^20.9.0 }
    cpu: [ia32]
    os: [win32]

  '@img/sharp-win32-x64@0.35.4':
    resolution:
      {
        integrity: sha512-XtmnYhBcrORsJ4XJngyzr/EWP0hRZLAZRFaApdKuviyqF78+ylxh2y06ZmtULAMOnObJ3ucpN0AcwSWnMowTRg==,
      }
    engines: { node: '>=20.9.0' }
    cpu: [x64]
    os: [win32]

  '@jridgewell/gen-mapping@0.3.13':
    resolution:
      {
        integrity: sha512-2kkt/7niJ6MgEPxF0bYdQ6etZaA+fQvDcLKckhy1yIQOzaoKjBBjSj63/aLVjYE3qhRt5dvM+uUyfCg6UKCBbA==,
      }

  '@jridgewell/resolve-uri@3.1.2':
    resolution:
      {
        integrity: sha512-bRISgCIjP20/tbWSPWMEi54QVPRZExkuD9lJL+UIxUKtwVJA8wW1Trb1jMs1RFXo1CBTNZ/5hpC9QvmKWdopKw==,
      }
    engines: { node: '>=6.0.0' }

  '@jridgewell/sourcemap-codec@1.5.5':
    resolution:
      {
        integrity: sha512-cYQ9310grqxueWbl+WuIUIaiUaDcj7WOq5fVhEljNVgRfOUhY9fy2zTvfoqWsnebh8Sl70VScFbICvJnLKB0Og==,
      }

  '@jridgewell/trace-mapping@0.3.31':
    resolution:
      {
        integrity: sha512-zzNR+SdQSDJzc8joaeP8QQoCQr8NuYx2dIIytl1QeBEZHJ9uW6hebsrYgbz8hJwUQao3TWCMtmfV8Nu1twOLAw==,
      }

  '@next/env@16.3.3':
    resolution:
      {
        integrity: sha512-U2eYQRwXj+dsqxV79zFqExDdatnNY/ZWc2nsJU1p/OgT7fd3dXwlF6OjYaFQCfMoeTA19PWq+wVmYgimVA+V+g==,
      }

  '@next/swc-darwin-arm64@16.3.3':
    resolution:
      {
        integrity: sha512-8Hiv32QJPwdV6KYJ8meR9SBA061tQqnIKTJDocvOXlEQqib0xMFpzArosuffFUUc0sslbh7QQ8a3Yey1QV8EIw==,
      }
    engines: { node: '>= 10' }
    cpu: [arm64]
    os: [darwin]

  '@next/swc-darwin-x64@16.3.3':
    resolution:
      {
        integrity: sha512-A1lgKgwVchRYmSe467zdwhxT9040dd8lH+o65sL5Jet8fjB4kegw/rDyPIpYVRb6jAqwXFOJpjIXJLxQKLiE3A==,
      }
    engines: { node: '>= 10' }
    cpu: [x64]
    os: [darwin]

  '@next/swc-linux-arm64-gnu@16.3.3':
    resolution:
      {
        integrity: sha512-bf0FIssMFueU2dm7vQEWWxk0c8UjKTdW0yzuh0sQsD8pf1+KCLDdaqhYZNMYGmXwEOiHAUzgBKudovIlcvvBjg==,
      }
    engines: { node: '>= 10' }
    cpu: [arm64]
    os: [linux]
    libc: [glibc]

  '@next/swc-linux-arm64-musl@16.3.3':
    resolution:
      {
        integrity: sha512-W7viwCk9JY/cAkdz/A273rd5bb3RgT/IHwR7Upv90tunjBWNtAAhGhoecHh+teRNRSinuAFmE+l7fwZ4YKkrXg==,
      }
    engines: { node: '>= 10' }
    cpu: [arm64]
    os: [linux]
    libc: [musl]

  '@next/swc-linux-x64-gnu@16.3.3':
    resolution:
      {
        integrity: sha512-0W46zw1N3ODpI6n0GeivHvvob1pooozgZVqy65k0mh4/7vr+FbY9+WpHzNVXjHipJf/A3FDheBG19H1s5A25rA==,
      }
    engines: { node: '>= 10' }
    cpu: [x64]
    os: [linux]
    libc: [glibc]

  '@next/swc-linux-x64-musl@16.3.3':
    resolution:
      {
        integrity: sha512-H4mBso8ZTMBPtdT0PN0pBx2ayTvQuTuvS6qT13d77yVFJXAPCxkyIhLTmdMaGTJs0krQYI/qpzdHijCeihXhbg==,
      }
    engines: { node: '>= 10' }
    cpu: [x64]
    os: [linux]
    libc: [musl]

  '@next/swc-win32-arm64-msvc@16.3.3':
    resolution:
      {
        integrity: sha512-cTMUJpcEGmeywofCUfhR+rSsoE33+rVPnPEYNTNdLNlsOeEg/vktOsKUSTb28vUGqD2jkm4Zaskcwn7OCI6FQg==,
      }
    engines: { node: '>= 10' }
    cpu: [arm64]
    os: [win32]

  '@next/swc-win32-x64-msvc@16.3.3':
    resolution:
      {
        integrity: sha512-2VR4cTBzHXaBjnGsuH6GyJjENzQOmHeAh11uY1iUhjm3j5dEUrVJuUj+VL78jaGi/Dik8xS76zEj18BsFhlVZQ==,
      }
    engines: { node: '>= 10' }
    cpu: [x64]
    os: [win32]

  '@nodelib/fs.scandir@2.1.5':
    resolution:
      {
        integrity: sha512-vq24Bq3ym5HEQm2NKCr3yXDwjc7vTsEThRDnkp2DK9p1uqLR+DHurm/NOTo0KG7HYHU7eppKZj3MyqYuMBf62g==,
      }
    engines: { node: '>= 8' }

  '@nodelib/fs.stat@2.0.5':
    resolution:
      {
        integrity: sha512-RkhPPp2zrqDAQA/2jNhnztcPAlv64XdhIp7a7454A5ovI7Bukxgt7MX7udwAu3zg1DcpPU0rz3VV1SeaqvY4+A==,
      }
    engines: { node: '>= 8' }

  '@nodelib/fs.walk@1.2.8':
    resolution:
      {
        integrity: sha512-oGB+UxlgWcgQkgwo8GcEGwemoTFt3FIO9ababBmaGwXIoBKZ+GTy0pP185beGg7Llih/NSHSV2XAs1lnznocSg==,
      }
    engines: { node: '>= 8' }

  '@swc/helpers@0.5.23':
    resolution:
      {
        integrity: sha512-5lSsMOTXURePglDfvuAQUqkGek9Hg2kksOYay2m0+XR++b2NWYL/4sWyuvVBIs8oKnJaxkdi9whaL/sqN13afw==,
      }

  '@types/node@22.20.1':
    resolution:
      {
        integrity: sha512-EANqOCF9QFyra+4pfxUcX9STKJpCLjMbObVzljIJomAWSnuSIEAvyzEU53GaajbXJEgdh0iEcPL+DGvpUd4k1Q==,
      }

  '@types/react-dom@19.2.5':
    resolution:
      {
        integrity: sha512-fMPwH9v7r/pp43yUd2/Mbiex5KouJwwR3dzHkhLREUC6764VyDsqxhAxv6OFEYR1RhjOyD1naqba8ECDBe7ZQg==,
      }
    peerDependencies:
      '@types/react': ^19.2.0

  '@types/react@19.2.18':
    resolution:
      {
        integrity: sha512-AnzbBERsrLKtk2XSfTbYRLjQPdy116Sty4q+T+Bp3IC4l6jNBvreVPAHmpq9qhXQM7CXZPjLVmGMw9sy+hxQ3w==,
      }

  '@vercel/examples-ui@2.0.4':
    resolution:
      {
        integrity: sha512-wiauqJ3SDSNq7Oz7Y/N1aKemtCaIUhBSVECVMbBfx2IYrH3xqVQ7937abvsyd6UcP1Pdsxdb6zDHajQOQV3MNg==,
      }
    peerDependencies:
      next: '*'
      react: ^17.0.2 || ^18.0.0-0 || ^19.0.0-0
      react-dom: ^17.0.2 || ^18.0.0-0 || ^19.0.0-0

  any-promise@1.3.0:
    resolution:
      {
        integrity: sha512-7UvmKalWRt1wgjL1RrGxoSJW/0QZFIegpeGvZG9kjp8vrRu55XTHbwnqq2GpXm9uLbcuhxm3IqX9OB4MZR1b2A==,
      }

  anymatch@3.1.3:
    resolution:
      {
        integrity: sha512-KMReFUr0B4t+D+OBkjR3KYqvocp2XaSzO55UcB6mgQMd3KbcE+mWTyvVV7D/zsdEbNnV6acZUutkiHQXvTr1Rw==,
      }
    engines: { node: '>= 8' }

  arg@5.0.2:
    resolution:
      {
        integrity: sha512-PYjyFOLKQ9y57JvQ6QLo8dAgNqswh8M1RMJYdQduT6xbWSgK36P/Z/v+p888pM69jMMfS8Xd8F6I1kQ/I9HUGg==,
      }

  autoprefixer@10.5.4:
    resolution:
      {
        integrity: sha512-MaU0U/za7N3r6brxD4YB/l4NSrFzLPlANv6wEuQVaIPlD3L4W9rFcQPbL/EilY9BHhHvhfcz3gInDLrEtWT4EA==,
      }
    engines: { node: ^10 || ^12 || >=14 }
    hasBin: true
    peerDependencies:
      postcss: ^8.1.0

  baseline-browser-mapping@2.11.19:
    resolution:
      {
        integrity: sha512-Grytf1xOxOEMTGRwx6rLGKkTabd4vMg3VrKdj/7joCmV0qgh4QwMMO6xh34YEXQqirAuUdgQGa5orJQQ+69RBw==,
      }
    engines: { node: '>=6.0.0' }
    hasBin: true

  binary-extensions@2.3.0:
    resolution:
      {
        integrity: sha512-Ceh+7ox5qe7LJuLHoY0feh3pHuUDHAcRUeyL2VYghZwfpkNIy/+8Ocg0a3UuSoYzavmylwuLWQOf3hl0jjMMIw==,
      }
    engines: { node: '>=8' }

  braces@3.0.3:
    resolution:
      {
        integrity: sha512-yQbXgO/OSZVD2IsiLlro+7Hf6Q18EJrKSEsdoMzKePKXct3gvD8oLcOQdIzGupr5Fj+EDe8gO/lxc1BzfMpxvA==,
      }
    engines: { node: '>=8' }

  browserslist@4.28.8:
    resolution:
      {
        integrity: sha512-V2NpofLblG64mfOtSgDhOJESZEGogzDMBv/q+W6oc4LXWP/q75eOXoOaaOu1EOadB9U4Bwx/e0yzbvwKH8zalA==,
      }
    engines: { node: ^6 || ^7 || ^8 || ^9 || ^10 || ^11 || ^12 || >=13.7 }
    hasBin: true

  camelcase-css@2.0.1:
    resolution:
      {
        integrity: sha512-QOSvevhslijgYwRx6Rv7zKdMF8lbRmx+uQGx2+vDc+KI/eBnsy9kit5aj23AgGu3pa4t9AgwbnXWqS+iOY+2aA==,
      }
    engines: { node: '>= 6' }

  caniuse-lite@1.0.30001810:
    resolution:
      {
        integrity: sha512-TITQPUkaz+aVk5GL6NhOdwk1aEaNTSDPsGFWrTuhKGtjTF70jL/Oht2W4c6rXUe5fu7Ie19VIahAXHIIiWWNeg==,
      }

  chokidar@3.6.0:
    resolution:
      {
        integrity: sha512-7VT13fmjotKpGipCW9JEQAusEPE+Ei8nl6/g4FBAmIm0GOOLMua9NDDo/DWp0ZAxCr3cPq5ZpBqmPAQgDda2Pw==,
      }
    engines: { node: '>= 8.10.0' }

  client-only@0.0.1:
    resolution:
      {
        integrity: sha512-IV3Ou0jSMzZrd3pZ48nLkT9DA7Ag1pnPzaiQhpW7c3RbcqqzvzzVu+L8gfqMp/8IM2MQtSiqaCxrrcfu8I8rMA==,
      }

  clsx@1.2.1:
    resolution:
      {
        integrity: sha512-EcR6r5a8bj6pu3ycsa/E/cKVGuTgZJZdsyUYHOksG/UHIiKfjxzRxYJpyVBwYaQeOvghal9fcc4PidlgzugAQg==,
      }
    engines: { node: '>=6' }

  commander@4.1.1:
    resolution:
      {
        integrity: sha512-NOKm8xhkzAjzFx8B2v5OAHT+u5pRQc2UCa2Vq9jYL/31o2wi9mxBA7LIFs3sV5VSC49z6pEhfbMULvShKj26WA==,
      }
    engines: { node: '>= 6' }

  cssesc@3.0.0:
    resolution:
      {
        integrity: sha512-/Tb/JcjK111nNScGob5MNtsntNM1aCNUDipB/TkwZFhyDrrE47SOx/18wF2bbjgc3ZzCSKW1T5nt5EbFoAz/Vg==,
      }
    engines: { node: '>=4' }
    hasBin: true

  csstype@3.2.3:
    resolution:
      {
        integrity: sha512-z1HGKcYy2xA8AGQfwrn0PAy+PB7X/GSj3UVJW9qKyn43xWa+gl5nXmU4qqLMRzWVLFC8KusUX8T/0kCiOYpAIQ==,
      }

  detect-libc@2.1.2:
    resolution:
      {
        integrity: sha512-Btj2BOOO83o3WyH59e8MgXsxEQVcarkUOpEYrubB0urwnN10yQ364rsiByU11nZlqWYZm05i/of7io4mzihBtQ==,
      }
    engines: { node: '>=8' }

  didyoumean@1.2.2:
    resolution:
      {
        integrity: sha512-gxtyfqMg7GKyhQmb056K7M3xszy/myH8w+B4RT+QXBQsvAOdc3XymqDDPHx1BgPgsdAA5SIifona89YtRATDzw==,
      }

  dlv@1.1.3:
    resolution:
      {
        integrity: sha512-+HlytyjlPKnIG8XuRG8WvmBP8xs8P71y+SKKS6ZXWoEgLuePxtDoUEiH7WkdePWrQ5JBpE6aoVqfZfJUQkjXwA==,
      }

  electron-to-chromium@1.5.415:
    resolution:
      {
        integrity: sha512-958V+Kbhtgz+SxXeEVKBjrlKRBIDAYvUJfwhjxMZ5S6ut9jAl7l9ZKBkBrvjyjZE36PabLUo2L8kEeV5O4vgJg==,
      }

  es-errors@1.3.0:
    resolution:
      {
        integrity: sha512-Zf5H2Kxt2xjTvbJvP2ZWLEICxA6j+hAmMzIlypy4xcBg1vKVnx89Wy0GbS+kf5cwCVFFzdCFh2XSCFNULS6csw==,
      }
    engines: { node: '>= 0.4' }

  escalade@3.2.0:
    resolution:
      {
        integrity: sha512-WUj2qlxaQtO4g6Pq5c29GTcWGDyd8itL8zTlipgECz3JesAiiOKotd8JU6otB3PACgG6xkJUyVhboMS+bje/jA==,
      }
    engines: { node: '>=6' }

  fast-glob@3.3.3:
    resolution:
      {
        integrity: sha512-7MptL8U0cqcFdzIzwOTHoilX9x5BrNqye7Z/LuC7kCMRio1EMSyqRK3BEAUD7sXRq4iT4AzTVuZdhgQ2TCvYLg==,
      }
    engines: { node: '>=8.6.0' }

  fastq@1.20.1:
    resolution:
      {
        integrity: sha512-GGToxJ/w1x32s/D2EKND7kTil4n8OVk/9mycTc4VDza13lOvpUZTGX3mFSCtV9ksdGBVzvsyAVLM6mHFThxXxw==,
      }

  fdir@6.5.0:
    resolution:
      {
        integrity: sha512-tIbYtZbucOs0BRGqPJkshJUYdL+SDH7dVM8gjy+ERp3WAUjLEFJE+02kanyHtwjWOnwrKYBiwAmM0p4kLJAnXg==,
      }
    engines: { node: '>=12.0.0' }
    peerDependencies:
      picomatch: ^3 || ^4
    peerDependenciesMeta:
      picomatch:
        optional: true

  fill-range@7.1.1:
    resolution:
      {
        integrity: sha512-YsGpe3WHLK8ZYi4tWDg2Jy3ebRz2rXowDxnld4bkQB00cc/1Zw9AWnC0i9ztDJitivtQvaI9KaLyKrc+hBW0yg==,
      }
    engines: { node: '>=8' }

  fraction.js@5.3.4:
    resolution:
      {
        integrity: sha512-1X1NTtiJphryn/uLQz3whtY6jK3fTqoE3ohKs0tT+Ujr1W59oopxmoEh7Lu5p6vBaPbgoM0bzveAW4Qi5RyWDQ==,
      }

  fsevents@2.3.3:
    resolution:
      {
        integrity: sha512-5xoDfX+fL7faATnagmWPpbFtwh/R77WmMMqqHGS65C3vvB0YHrgF+B1YmZ3441tMj5n63k0212XNoJwzlhffQw==,
      }
    engines: { node: ^8.16.0 || ^10.6.0 || >=11.0.0 }
    os: [darwin]

  function-bind@1.1.2:
    resolution:
      {
        integrity: sha512-7XHNxH7qX9xG5mIwxkhumTox/MIRNcOgDrxWsMt2pAr23WHp6MrRlN7FBSFpCpr+oVO0F744iUgR82nJMfG2SA==,
      }

  glob-parent@5.1.2:
    resolution:
      {
        integrity: sha512-AOIgSQCepiJYwP3ARnGx+5VnTu2HBYdzbGP45eLw1vr3zB3vZLeyed1sC9hnbcOc9/SrMyM5RPQrkGz4aS9Zow==,
      }
    engines: { node: '>= 6' }

  glob-parent@6.0.2:
    resolution:
      {
        integrity: sha512-XxwI8EOhVQgWp6iDL+3b0r86f4d6AX6zSU55HfB4ydCEuXLXc5FcYeOu+nnGftS4TEju/11rt4KJPTMgbfmv4A==,
      }
    engines: { node: '>=10.13.0' }

  hasown@2.0.4:
    resolution:
      {
        integrity: sha512-T2UbfbBEF32wiepXIsMlTW9+dDYC6wMh/t/vYA4tuOMKqWz/n3vr1NFSxQiyP+zk2mXsoMA/i/7qV6LKut1t1A==,
      }
    engines: { node: '>= 0.4' }

  is-binary-path@2.1.0:
    resolution:
      {
        integrity: sha512-ZMERYes6pDydyuGidse7OsHxtbI7WVeUEozgR/g7rd0xUimYNlvZRE/K2MgZTjWy725IfelLeVcEM97mmtRGXw==,
      }
    engines: { node: '>=8' }

  is-core-module@2.16.2:
    resolution:
      {
        integrity: sha512-evOr8xfXKxE6qSR0hSXL2r3sd7ALj8+7jQEUvPYcm5sgZFdJ+AYzT6yNmJenvIYQBgIGwfwz08sL8zoL7yq2BA==,
      }
    engines: { node: '>= 0.4' }

  is-extglob@2.1.1:
    resolution:
      {
        integrity: sha512-SbKbANkN603Vi4jEZv49LeVJMn4yGwsbzZworEoyEiutsN3nJYdbO36zfhGJ6QEDpOZIFkDtnq5JRxmvl3jsoQ==,
      }
    engines: { node: '>=0.10.0' }

  is-glob@4.0.3:
    resolution:
      {
        integrity: sha512-xelSayHH36ZgE7ZWhli7pW34hNbNl8Ojv5KVmkJD4hBdD3th8Tfk9vYasLM+mXWOZhFkgZfxhLSnrwRr4elSSg==,
      }
    engines: { node: '>=0.10.0' }

  is-number@7.0.0:
    resolution:
      {
        integrity: sha512-41Cifkg6e8TylSpdtTpeLVMqvSBEVzTttHvERD741+pnZ8ANv0004MRL43QKPDlK9cGvNp6NZWZUBlbGXYxxng==,
      }
    engines: { node: '>=0.12.0' }

  jiti@1.21.7:
    resolution:
      {
        integrity: sha512-/imKNG4EbWNrVjoNC/1H5/9GFy+tqjGBHCaSsN+P2RnPqjsLmv6UD3Ej+Kj8nBWaRAwyk7kK5ZUc+OEatnTR3A==,
      }
    hasBin: true

  lilconfig@3.1.3:
    resolution:
      {
        integrity: sha512-/vlFKAoH5Cgt3Ie+JLhRbwOsCQePABiU3tJ1egGvyQ+33R/vcwM2Zl2QR/LzjsBeItPt3oSVXapn+m4nQDvpzw==,
      }
    engines: { node: '>=14' }

  lines-and-columns@1.2.4:
    resolution:
      {
        integrity: sha512-7ylylesZQ/PV29jhEDl3Ufjo6ZX7gCqJr5F7PKrqc93v7fzSymt1BpwEU8nAUXs8qzzvqhbjhK5QZg6Mt/HkBg==,
      }

  merge2@1.4.1:
    resolution:
      {
        integrity: sha512-8q7VEgMJW4J8tcfVPy8g09NcQwZdbwFEqhe/WZkoIzjn/3TGDwtOCYtXGxA3O8tPzpczCCDgv+P2P5y00ZJOOg==,
      }
    engines: { node: '>= 8' }

  micromatch@4.0.8:
    resolution:
      {
        integrity: sha512-PXwfBhYu0hBCPw8Dn0E+WDYb7af3dSLVWKi3HGv84IdF4TyFoC0ysxFd0Goxw7nSv4T/PzEJQxsYsEiFCKo2BA==,
      }
    engines: { node: '>=8.6' }

  mz@2.7.0:
    resolution:
      {
        integrity: sha512-z81GNO7nnYMEhrGh9LeymoE4+Yr0Wn5McHIZMK5cfQCl+NDX08sCZgUc9/6MHni9IWuFLm1Z3HTCXu2z9fN62Q==,
      }

  nanoid@3.3.18:
    resolution:
      {
        integrity: sha512-DTg4MJbGMWkfi6VZFdNt2/caMbQy4Ou+Op/hJQvGEWcnVfoA1QA+xzRKAzw9jD6+GVOOeYr/mIcuDSdug6F6+w==,
      }
    engines: { node: ^10 || ^12 || ^13.7 || ^14 || >=15.0.1 }
    hasBin: true

  next@16.3.3:
    resolution:
      {
        integrity: sha512-tuRTx1nQ/yVw83cwJBo9F+njGUgMn3UHQycreWHB8XsStvvAh1AthbI8/4IpKnFaF58F+iSiHejYOlMQ/eq83g==,
      }
    engines: { node: '>=20.9.0' }
    hasBin: true
    peerDependencies:
      '@opentelemetry/api': ^1.1.0
      '@playwright/test': ^1.51.1
      babel-plugin-react-compiler: '*'
      react: ^18.2.0 || 19.0.0-rc-de68d2f4-20241204 || ^19.0.0
      react-dom: ^18.2.0 || 19.0.0-rc-de68d2f4-20241204 || ^19.0.0
      sass: ^1.3.0
    peerDependenciesMeta:
      '@opentelemetry/api':
        optional: true
      '@playwright/test':
        optional: true
      babel-plugin-react-compiler:
        optional: true
      sass:
        optional: true

  node-releases@2.0.54:
    resolution:
      {
        integrity: sha512-YHs7BmmcsdAI5Ozuf8JZo6PT0mv2GIWC9vMfvUC3dp65M8hn7Ux8CPL+2oBI7juNuj9d0ndhTcznq2ODBps9cQ==,
      }
    engines: { node: '>=18' }

  normalize-path@3.0.0:
    resolution:
      {
        integrity: sha512-6eZs5Ls3WtCisHWp9S2GUy8dqkpGi4BVSz3GaqiE6ezub0512ESztXUwUB6C6IKbQkY2Pnb/mD4WYojCRwcwLA==,
      }
    engines: { node: '>=0.10.0' }

  object-assign@4.1.1:
    resolution:
      {
        integrity: sha512-rJgTQnkUnH1sFw8yT6VSU3zD3sWmu6sZhIseY8VX+GRu3P6F7Fu+JNDoXfklElbLJSnc3FUQHVe4cU5hj+BcUg==,
      }
    engines: { node: '>=0.10.0' }

  object-hash@3.0.0:
    resolution:
      {
        integrity: sha512-RSn9F68PjH9HqtltsSnqYC1XXoWe9Bju5+213R98cNGttag9q9yAOTzdbsqvIa7aNm5WffBZFpWYr2aWrklWAw==,
      }
    engines: { node: '>= 6' }

  path-parse@1.0.7:
    resolution:
      {
        integrity: sha512-LDJzPVEEEPR+y48z93A0Ed0yXb8pAByGWo/k5YYdYgpY2/2EsOsksJrq7lOHxryrVOn1ejG6oAp8ahvOIQD8sw==,
      }

  picocolors@1.1.1:
    resolution:
      {
        integrity: sha512-xceH2snhtb5M9liqDsmEw56le376mTZkEX/jEb/RxNFyegNul7eNslCXP9FDj/Lcu0X8KEyMceP2ntpaHrDEVA==,
      }

  picomatch@2.3.2:
    resolution:
      {
        integrity: sha512-V7+vQEJ06Z+c5tSye8S+nHUfI51xoXIXjHQ99cQtKUkQqqO1kO/KCJUfZXuB47h/YBlDhah2H3hdUGXn8ie0oA==,
      }
    engines: { node: '>=8.6' }

  picomatch@4.0.7:
    resolution:
      {
        integrity: sha512-qcJu88Q2IWqJsDD529JKMdwGm/dvInW4HvQnRwiH9JtihJvzGOscDtHE3x1pBKeUOTysQ8kVmLnJ2kJu7yhcGA==,
      }
    engines: { node: '>=12' }

  pirates@4.0.7:
    resolution:
      {
        integrity: sha512-TfySrs/5nm8fQJDcBDuUng3VOUKsd7S+zqvbOTiGXHfxX4wK31ard+hoNuvkicM/2YFzlpDgABOevKSsB4G/FA==,
      }
    engines: { node: '>= 6' }

  postcss-import@15.1.0:
    resolution:
      {
        integrity: sha512-hpr+J05B2FVYUAXHeK1YyI267J/dDDhMU6B6civm8hSY1jYJnBXxzKDKDswzJmtLHryrjhnDjqqp/49t8FALew==,
      }
    engines: { node: '>=14.0.0' }
    peerDependencies:
      postcss: ^8.0.0

  postcss-js@4.1.0:
    resolution:
      {
        integrity: sha512-oIAOTqgIo7q2EOwbhb8UalYePMvYoIeRY2YKntdpFQXNosSu3vLrniGgmH9OKs/qAkfoj5oB3le/7mINW1LCfw==,
      }
    engines: { node: ^12 || ^14 || >= 16 }
    peerDependencies:
      postcss: ^8.4.21

  postcss-load-config@6.0.1:
    resolution:
      {
        integrity: sha512-oPtTM4oerL+UXmx+93ytZVN82RrlY/wPUV8IeDxFrzIjXOLF1pN+EmKPLbubvKHT2HC20xXsCAH2Z+CKV6Oz/g==,
      }
    engines: { node: '>= 18' }
    peerDependencies:
      jiti: '>=1.21.0'
      postcss: '>=8.0.9'
      tsx: ^4.8.1
      yaml: ^2.4.2
    peerDependenciesMeta:
      jiti:
        optional: true
      postcss:
        optional: true
      tsx:
        optional: true
      yaml:
        optional: true

  postcss-nested@6.2.0:
    resolution:
      {
        integrity: sha512-HQbt28KulC5AJzG+cZtj9kvKB93CFCdLvog1WFLf1D+xmMvPGlBstkpTEZfK5+AN9hfJocyBFCNiqyS48bpgzQ==,
      }
    engines: { node: '>=12.0' }
    peerDependencies:
      postcss: ^8.2.14

  postcss-selector-parser@6.1.4:
    resolution:
      {
        integrity: sha512-bIoJLOmjCO1S9XdY/DcnR5hJxvrDir1PbGChrzXG3vw0/FOliy/fA3dmdhQ441kah4gKv+TwckGzex6wNS5cnQ==,
      }
    engines: { node: '>=4' }

  postcss-value-parser@4.2.0:
    resolution:
      {
        integrity: sha512-1NNCs6uurfkVbeXG4S8JFT9t19m45ICnif8zWLd5oPSZ50QnwMfK+H3jv408d4jw/7Bttv5axS5IiHoLaVNHeQ==,
      }

  postcss@8.5.23:
    resolution:
      {
        integrity: sha512-g50586zr4bZmwFiTlflMu8E0bDTb5I5gertgwAKmsdUlTQIhZtunzUlD1WSzwcVWPoAVpsrA6vlfCD7oXvRwgg==,
      }
    engines: { node: ^10 || ^12 || >=14 }

  postcss@8.5.26:
    resolution:
      {
        integrity: sha512-u82N74LFzG8ca+dD8puPnplTXoGH4fTPpVGuIbt36G3qvNlkvfD0lEAZSxaly3KX8TS/L1A1gsCEmvKmBcVbkQ==,
      }
    engines: { node: ^10 || ^12 || >=14 }

  queue-microtask@1.2.3:
    resolution:
      {
        integrity: sha512-NuaNSa6flKT5JaSYQzJok04JzTL1CA6aGhv5rfLW3PgqA+M2ChpZQnAC8h8i4ZFkBS8X5RqkDBHA7r4hej3K9A==,
      }

  react-dom@19.2.8:
    resolution:
      {
        integrity: sha512-rVprimfGBG3DR+Tq0IQG2DT5PxKth1WIGDmj5yPmlzr4YBe7uyE+Du4oVqTDXZSHGGGXRtTJEGSSePyQCMBglQ==,
      }
    peerDependencies:
      react: ^19.2.8

  react@19.2.8:
    resolution:
      {
        integrity: sha512-PWaYA1L/q9u2u7xYQi+Y3L3Yfnie7XyLeaJICV1MGD6LprsBxcAqGjYyr0eY3p+QdsA+x/Irkt4Qif8D63+Sbw==,
      }
    engines: { node: '>=0.10.0' }

  read-cache@1.0.2:
    resolution:
      {
        integrity: sha512-/peqiBB/n07gQGLsWaHho3WfvUyRscw0gYTsEFMhrIe/nWLkYaf5SbKYjGYqtRV3aPwykJgF2VEMo1ac4bnsGA==,
      }

  readdirp@3.6.0:
    resolution:
      {
        integrity: sha512-hOS089on8RduqdbhvQ5Z37A0ESjsqz6qnRcffsMU3495FuTdqSm+7bhJ29JvIOsBDEEnan5DPu9t3To9VRlMzA==,
      }
    engines: { node: '>=8.10.0' }

  resolve@1.22.12:
    resolution:
      {
        integrity: sha512-TyeJ1zif53BPfHootBGwPRYT1RUt6oGWsaQr8UyZW/eAm9bKoijtvruSDEmZHm92CwS9nj7/fWttqPCgzep8CA==,
      }
    engines: { node: '>= 0.4' }
    hasBin: true

  reusify@1.1.0:
    resolution:
      {
        integrity: sha512-g6QUff04oZpHs0eG5p83rFLhHeV00ug/Yf9nZM6fLeUrPguBTkTQOdpAWWspMh55TZfVQDPaN3NQJfbVRAxdIw==,
      }
    engines: { iojs: '>=1.0.0', node: '>=0.10.0' }

  run-parallel@1.2.0:
    resolution:
      {
        integrity: sha512-5l4VyZR86LZ/lDxZTR6jqL8AFE2S0IFLMP26AbjsLVADxHdhB/c0GUsH+y39UfCi3dzz8OlQuPmnaJOMoDHQBA==,
      }

  scheduler@0.27.0:
    resolution:
      {
        integrity: sha512-eNv+WrVbKu1f3vbYJT/xtiF5syA5HPIMtf9IgY/nKg0sWqzAUEvqY/xm7OcZc/qafLx/iO9FgOmeSAp4v5ti/Q==,
      }

  semver@7.8.5:
    resolution:
      {
        integrity: sha512-Y7/KDsb8LjooZpwaqGyulO6DQlksgCncchHGk+sZIY4SBvUocMBEFH5Ur1fI4dV+Jvl0w6cjvucaIi40puRioA==,
      }
    engines: { node: '>=10' }
    hasBin: true

  sharp@0.35.4:
    resolution:
      {
        integrity: sha512-n++8XWcj+jCOr2IOl7h8LbKnGBDY4aPbmprMONBNFdn0ImXqpGVv5zliDs0V9HbmbCQLpbuo2ej9rAoOQTvMDA==,
      }
    engines: { node: '>=20.9.0' }
    peerDependencies:
      '@types/node': '*'
    peerDependenciesMeta:
      '@types/node':
        optional: true

  source-map-js@1.2.1:
    resolution:
      {
        integrity: sha512-UXWMKhLOwVKb728IUtQPXxfYU+usdybtUrK/8uGE8CQMvrhOpwvzDBwj0QhSL7MQc7vIsISBG8VQ8+IDQxpfQA==,
      }
    engines: { node: '>=0.10.0' }

  styled-jsx@5.1.6:
    resolution:
      {
        integrity: sha512-qSVyDTeMotdvQYoHWLNGwRFJHC+i+ZvdBRYosOFgC+Wg1vx4frN2/RG/NA7SYqqvKNLf39P2LSRA2pu6n0XYZA==,
      }
    engines: { node: '>= 12.0.0' }
    peerDependencies:
      '@babel/core': '*'
      babel-plugin-macros: '*'
      react: '>= 16.8.0 || 17.x.x || ^18.0.0-0 || ^19.0.0-0'
    peerDependenciesMeta:
      '@babel/core':
        optional: true
      babel-plugin-macros:
        optional: true

  sucrase@3.35.1:
    resolution:
      {
        integrity: sha512-DhuTmvZWux4H1UOnWMB3sk0sbaCVOoQZjv8u1rDoTV0HTdGem9hkAZtl4JZy8P2z4Bg0nT+YMeOFyVr4zcG5Tw==,
      }
    engines: { node: '>=16 || 14 >=14.17' }
    hasBin: true

  supports-preserve-symlinks-flag@1.0.0:
    resolution:
      {
        integrity: sha512-ot0WnXS9fgdkgIcePe6RHNk1WA8+muPa6cSjeR3V8K27q9BB1rTE3R1p7Hv0z1ZyAc8s6Vvv8DIyWf681MAt0w==,
      }
    engines: { node: '>= 0.4' }

  tailwindcss@3.4.19:
    resolution:
      {
        integrity: sha512-3ofp+LL8E+pK/JuPLPggVAIaEuhvIz4qNcf3nA1Xn2o/7fb7s/TYpHhwGDv1ZU3PkBluUVaF8PyCHcm48cKLWQ==,
      }
    engines: { node: '>=14.0.0' }
    hasBin: true

  thenify-all@1.6.0:
    resolution:
      {
        integrity: sha512-RNxQH/qI8/t3thXJDwcstUO4zeqo64+Uy/+sNVRBx4Xn2OX+OZ9oP+iJnNFqplFra2ZUVeKCSa2oVWi3T4uVmA==,
      }
    engines: { node: '>=0.8' }

  thenify@3.3.1:
    resolution:
      {
        integrity: sha512-RVZSIV5IG10Hk3enotrhvz0T9em6cyHBLkH/YAZuKqd8hRkKhSfCGIcP2KUY0EPxndzANBmNllzWPwak+bheSw==,
      }

  tinyglobby@0.2.17:
    resolution:
      {
        integrity: sha512-wXR/dYpcqKmfWpEdZjiKJOwCNFndD0DMnrW/cYjVGttEkBfVgcLFHoNrlj47mjOVic9yyNu65alsgF4NQyTa2g==,
      }
    engines: { node: '>=12.0.0' }

  to-regex-range@5.0.1:
    resolution:
      {
        integrity: sha512-65P7iz6X5yEr1cwcgvQxbbIw7Uk3gOy5dIdtZ4rDveLqhrdJP+Li/Hx6tyK0NEb+2GCyneCMJiGqrADCSNk8sQ==,
      }
    engines: { node: '>=8.0' }

  ts-interface-checker@0.1.13:
    resolution:
      {
        integrity: sha512-Y/arvbn+rrz3JCKl9C4kVNfTfSm2/mEp5FSz5EsZSANGPSlQrpRI5M4PKF+mJnE52jOO90PnPSc3Ur3bTQw0gA==,
      }

  tslib@2.8.1:
    resolution:
      {
        integrity: sha512-oJFu94HQb+KVduSUQL7wnpmqnfmLsOA/nAh6b6EH0wCEoK0/mPeXU6c3wKDV83MkOuHPRHtSXKKU99IBazS/2w==,
      }

  typescript@5.9.3:
    resolution:
      {
        integrity: sha512-jl1vZzPDinLr9eUt3J/t7V6FgNEw9QjvBPdysz9KfQDD41fQrC2Y4vKQdiaUpFT4bXlb1RHhLpp8wtm6M5TgSw==,
      }
    engines: { node: '>=14.17' }
    hasBin: true

  undici-types@6.21.0:
    resolution:
      {
        integrity: sha512-iwDZqg0QAGrg9Rav5H4n0M64c3mkR59cJ6wQp+7C4nI0gsmExaedaYLNO44eT4AtBBwjbTiGPMlt2Md0T9H9JQ==,
      }

  update-browserslist-db@1.3.2:
    resolution:
      {
        integrity: sha512-UQ+MSxlhRm1bzjhU+DcuXfjFO1FzNtqhK5+9Yvlp90ItDLk5vT932A0rFu619nf7RVS+Y/VeaUW1jaRDqZ8VJw==,
      }
    hasBin: true
    peerDependencies:
      browserslist: '>= 4.21.0'

  util-deprecate@1.0.2:
    resolution:
      {
        integrity: sha512-EPD5q1uXyFxJpCrLnCc1nHnq3gOa6DZBocAIiI2TaSCA7VCJ1UJDMagCzIkXNsUYfD1daK//LTEQ8xiIbrHtcw==,
      }

snapshots:
  '@alloc/quick-lru@5.2.0': {}

  '@emnapi/runtime@1.11.3':
    dependencies:
      tslib: 2.8.1
    optional: true

  '@img/colour@1.1.0':
    optional: true

  '@img/sharp-darwin-arm64@0.35.4':
    optionalDependencies:
      '@img/sharp-libvips-darwin-arm64': 1.3.3
    optional: true

  '@img/sharp-darwin-x64@0.35.4':
    optionalDependencies:
      '@img/sharp-libvips-darwin-x64': 1.3.3
    optional: true

  '@img/sharp-freebsd-wasm32@0.35.4':
    dependencies:
      '@img/sharp-wasm32': 0.35.4
    optional: true

  '@img/sharp-libvips-darwin-arm64@1.3.3':
    optional: true

  '@img/sharp-libvips-darwin-x64@1.3.3':
    optional: true

  '@img/sharp-libvips-linux-arm64@1.3.3':
    optional: true

  '@img/sharp-libvips-linux-arm@1.3.3':
    optional: true

  '@img/sharp-libvips-linux-ppc64@1.3.3':
    optional: true

  '@img/sharp-libvips-linux-riscv64@1.3.3':
    optional: true

  '@img/sharp-libvips-linux-s390x@1.3.3':
    optional: true

  '@img/sharp-libvips-linux-x64@1.3.3':
    optional: true

  '@img/sharp-libvips-linuxmusl-arm64@1.3.3':
    optional: true

  '@img/sharp-libvips-linuxmusl-x64@1.3.3':
    optional: true

  '@img/sharp-linux-arm64@0.35.4':
    optionalDependencies:
      '@img/sharp-libvips-linux-arm64': 1.3.3
    optional: true

  '@img/sharp-linux-arm@0.35.4':
    optionalDependencies:
      '@img/sharp-libvips-linux-arm': 1.3.3
    optional: true

  '@img/sharp-linux-ppc64@0.35.4':
    optionalDependencies:
      '@img/sharp-libvips-linux-ppc64': 1.3.3
    optional: true

  '@img/sharp-linux-riscv64@0.35.4':
    optionalDependencies:
      '@img/sharp-libvips-linux-riscv64': 1.3.3
    optional: true

  '@img/sharp-linux-s390x@0.35.4':
    optionalDependencies:
      '@img/sharp-libvips-linux-s390x': 1.3.3
    optional: true

  '@img/sharp-linux-x64@0.35.4':
    optionalDependencies:
      '@img/sharp-libvips-linux-x64': 1.3.3
    optional: true

  '@img/sharp-linuxmusl-arm64@0.35.4':
    optionalDependencies:
      '@img/sharp-libvips-linuxmusl-arm64': 1.3.3
    optional: true

  '@img/sharp-linuxmusl-x64@0.35.4':
    optionalDependencies:
      '@img/sharp-libvips-linuxmusl-x64': 1.3.3
    optional: true

  '@img/sharp-wasm32@0.35.4':
    dependencies:
      '@emnapi/runtime': 1.11.3
    optional: true

  '@img/sharp-webcontainers-wasm32@0.35.4':
    dependencies:
      '@img/sharp-wasm32': 0.35.4
    optional: true

  '@img/sharp-win32-arm64@0.35.4':
    optional: true

  '@img/sharp-win32-ia32@0.35.4':
    optional: true

  '@img/sharp-win32-x64@0.35.4':
    optional: true

  '@jridgewell/gen-mapping@0.3.13':
    dependencies:
      '@jridgewell/sourcemap-codec': 1.5.5
      '@jridgewell/trace-mapping': 0.3.31

  '@jridgewell/resolve-uri@3.1.2': {}

  '@jridgewell/sourcemap-codec@1.5.5': {}

  '@jridgewell/trace-mapping@0.3.31':
    dependencies:
      '@jridgewell/resolve-uri': 3.1.2
      '@jridgewell/sourcemap-codec': 1.5.5

  '@next/env@16.3.3': {}

  '@next/swc-darwin-arm64@16.3.3':
    optional: true

  '@next/swc-darwin-x64@16.3.3':
    optional: true

  '@next/swc-linux-arm64-gnu@16.3.3':
    optional: true

  '@next/swc-linux-arm64-musl@16.3.3':
    optional: true

  '@next/swc-linux-x64-gnu@16.3.3':
    optional: true

  '@next/swc-linux-x64-musl@16.3.3':
    optional: true

  '@next/swc-win32-arm64-msvc@16.3.3':
    optional: true

  '@next/swc-win32-x64-msvc@16.3.3':
    optional: true

  '@nodelib/fs.scandir@2.1.5':
    dependencies:
      '@nodelib/fs.stat': 2.0.5
      run-parallel: 1.2.0

  '@nodelib/fs.stat@2.0.5': {}

  '@nodelib/fs.walk@1.2.8':
    dependencies:
      '@nodelib/fs.scandir': 2.1.5
      fastq: 1.20.1

  '@swc/helpers@0.5.23':
    dependencies:
      tslib: 2.8.1

  '@types/node@22.20.1':
    dependencies:
      undici-types: 6.21.0

  '@types/react-dom@19.2.5(@types/react@19.2.18)':
    dependencies:
      '@types/react': 19.2.18

  '@types/react@19.2.18':
    dependencies:
      csstype: 3.2.3

  '@vercel/examples-ui@2.0.4(next@16.3.3(@types/node@22.20.1)(react-dom@19.2.8(react@19.2.8))(react@19.2.8))(react-dom@19.2.8(react@19.2.8))(react@19.2.8)':
    dependencies:
      '@swc/helpers': 0.5.23
      clsx: 1.2.1
      next: 16.3.3(@types/node@22.20.1)(react-dom@19.2.8(react@19.2.8))(react@19.2.8)
      react: 19.2.8
      react-dom: 19.2.8(react@19.2.8)

  any-promise@1.3.0: {}

  anymatch@3.1.3:
    dependencies:
      normalize-path: 3.0.0
      picomatch: 2.3.2

  arg@5.0.2: {}

  autoprefixer@10.5.4(postcss@8.5.26):
    dependencies:
      browserslist: 4.28.8
      caniuse-lite: 1.0.30001810
      fraction.js: 5.3.4
      picocolors: 1.1.1
      postcss: 8.5.26
      postcss-value-parser: 4.2.0

  baseline-browser-mapping@2.11.19: {}

  binary-extensions@2.3.0: {}

  braces@3.0.3:
    dependencies:
      fill-range: 7.1.1

  browserslist@4.28.8:
    dependencies:
      baseline-browser-mapping: 2.11.19
      caniuse-lite: 1.0.30001810
      electron-to-chromium: 1.5.415
      node-releases: 2.0.54
      update-browserslist-db: 1.3.2(browserslist@4.28.8)

  camelcase-css@2.0.1: {}

  caniuse-lite@1.0.30001810: {}

  chokidar@3.6.0:
    dependencies:
      anymatch: 3.1.3
      braces: 3.0.3
      glob-parent: 5.1.2
      is-binary-path: 2.1.0
      is-glob: 4.0.3
      normalize-path: 3.0.0
      readdirp: 3.6.0
    optionalDependencies:
      fsevents: 2.3.3

  client-only@0.0.1: {}

  clsx@1.2.1: {}

  commander@4.1.1: {}

  cssesc@3.0.0: {}

  csstype@3.2.3: {}

  detect-libc@2.1.2:
    optional: true

  didyoumean@1.2.2: {}

  dlv@1.1.3: {}

  electron-to-chromium@1.5.415: {}

  es-errors@1.3.0: {}

  escalade@3.2.0: {}

  fast-glob@3.3.3:
    dependencies:
      '@nodelib/fs.stat': 2.0.5
      '@nodelib/fs.walk': 1.2.8
      glob-parent: 5.1.2
      merge2: 1.4.1
      micromatch: 4.0.8

  fastq@1.20.1:
    dependencies:
      reusify: 1.1.0

  fdir@6.5.0(picomatch@4.0.7):
    optionalDependencies:
      picomatch: 4.0.7

  fill-range@7.1.1:
    dependencies:
      to-regex-range: 5.0.1

  fraction.js@5.3.4: {}

  fsevents@2.3.3:
    optional: true

  function-bind@1.1.2: {}

  glob-parent@5.1.2:
    dependencies:
      is-glob: 4.0.3

  glob-parent@6.0.2:
    dependencies:
      is-glob: 4.0.3

  hasown@2.0.4:
    dependencies:
      function-bind: 1.1.2

  is-binary-path@2.1.0:
    dependencies:
      binary-extensions: 2.3.0

  is-core-module@2.16.2:
    dependencies:
      hasown: 2.0.4

  is-extglob@2.1.1: {}

  is-glob@4.0.3:
    dependencies:
      is-extglob: 2.1.1

  is-number@7.0.0: {}

  jiti@1.21.7: {}

  lilconfig@3.1.3: {}

  lines-and-columns@1.2.4: {}

  merge2@1.4.1: {}

  micromatch@4.0.8:
    dependencies:
      braces: 3.0.3
      picomatch: 2.3.2

  mz@2.7.0:
    dependencies:
      any-promise: 1.3.0
      object-assign: 4.1.1
      thenify-all: 1.6.0

  nanoid@3.3.18: {}

  next@16.3.3(@types/node@22.20.1)(react-dom@19.2.8(react@19.2.8))(react@19.2.8):
    dependencies:
      '@next/env': 16.3.3
      '@swc/helpers': 0.5.23
      baseline-browser-mapping: 2.11.19
      caniuse-lite: 1.0.30001810
      postcss: 8.5.23
      react: 19.2.8
      react-dom: 19.2.8(react@19.2.8)
      styled-jsx: 5.1.6(react@19.2.8)
    optionalDependencies:
      '@next/swc-darwin-arm64': 16.3.3
      '@next/swc-darwin-x64': 16.3.3
      '@next/swc-linux-arm64-gnu': 16.3.3
      '@next/swc-linux-arm64-musl': 16.3.3
      '@next/swc-linux-x64-gnu': 16.3.3
      '@next/swc-linux-x64-musl': 16.3.3
      '@next/swc-win32-arm64-msvc': 16.3.3
      '@next/swc-win32-x64-msvc': 16.3.3
      sharp: 0.35.4(@types/node@22.20.1)
    transitivePeerDependencies:
      - '@babel/core'
      - '@types/node'
      - babel-plugin-macros

  node-releases@2.0.54: {}

  normalize-path@3.0.0: {}

  object-assign@4.1.1: {}

  object-hash@3.0.0: {}

  path-parse@1.0.7: {}

  picocolors@1.1.1: {}

  picomatch@2.3.2: {}

  picomatch@4.0.7: {}

  pirates@4.0.7: {}

  postcss-import@15.1.0(postcss@8.5.26):
    dependencies:
      postcss: 8.5.26
      postcss-value-parser: 4.2.0
      read-cache: 1.0.2
      resolve: 1.22.12

  postcss-js@4.1.0(postcss@8.5.26):
    dependencies:
      camelcase-css: 2.0.1
      postcss: 8.5.26

  postcss-load-config@6.0.1(jiti@1.21.7)(postcss@8.5.26):
    dependencies:
      lilconfig: 3.1.3
    optionalDependencies:
      jiti: 1.21.7
      postcss: 8.5.26

  postcss-nested@6.2.0(postcss@8.5.26):
    dependencies:
      postcss: 8.5.26
      postcss-selector-parser: 6.1.4

  postcss-selector-parser@6.1.4:
    dependencies:
      cssesc: 3.0.0
      util-deprecate: 1.0.2

  postcss-value-parser@4.2.0: {}

  postcss@8.5.23:
    dependencies:
      nanoid: 3.3.18
      picocolors: 1.1.1
      source-map-js: 1.2.1

  postcss@8.5.26:
    dependencies:
      nanoid: 3.3.18
      picocolors: 1.1.1
      source-map-js: 1.2.1

  queue-microtask@1.2.3: {}

  react-dom@19.2.8(react@19.2.8):
    dependencies:
      react: 19.2.8
      scheduler: 0.27.0

  react@19.2.8: {}

  read-cache@1.0.2: {}

  readdirp@3.6.0:
    dependencies:
      picomatch: 2.3.2

  resolve@1.22.12:
    dependencies:
      es-errors: 1.3.0
      is-core-module: 2.16.2
      path-parse: 1.0.7
      supports-preserve-symlinks-flag: 1.0.0

  reusify@1.1.0: {}

  run-parallel@1.2.0:
    dependencies:
      queue-microtask: 1.2.3

  scheduler@0.27.0: {}

  semver@7.8.5:
    optional: true

  sharp@0.35.4(@types/node@22.20.1):
    dependencies:
      '@img/colour': 1.1.0
      detect-libc: 2.1.2
      semver: 7.8.5
    optionalDependencies:
      '@img/sharp-darwin-arm64': 0.35.4
      '@img/sharp-darwin-x64': 0.35.4
      '@img/sharp-freebsd-wasm32': 0.35.4
      '@img/sharp-libvips-darwin-arm64': 1.3.3
      '@img/sharp-libvips-darwin-x64': 1.3.3
      '@img/sharp-libvips-linux-arm': 1.3.3
      '@img/sharp-libvips-linux-arm64': 1.3.3
      '@img/sharp-libvips-linux-ppc64': 1.3.3
      '@img/sharp-libvips-linux-riscv64': 1.3.3
      '@img/sharp-libvips-linux-s390x': 1.3.3
      '@img/sharp-libvips-linux-x64': 1.3.3
      '@img/sharp-libvips-linuxmusl-arm64': 1.3.3
      '@img/sharp-libvips-linuxmusl-x64': 1.3.3
      '@img/sharp-linux-arm': 0.35.4
      '@img/sharp-linux-arm64': 0.35.4
      '@img/sharp-linux-ppc64': 0.35.4
      '@img/sharp-linux-riscv64': 0.35.4
      '@img/sharp-linux-s390x': 0.35.4
      '@img/sharp-linux-x64': 0.35.4
      '@img/sharp-linuxmusl-arm64': 0.35.4
      '@img/sharp-linuxmusl-x64': 0.35.4
      '@img/sharp-webcontainers-wasm32': 0.35.4
      '@img/sharp-win32-arm64': 0.35.4
      '@img/sharp-win32-ia32': 0.35.4
      '@img/sharp-win32-x64': 0.35.4
      '@types/node': 22.20.1
    optional: true

  source-map-js@1.2.1: {}

  styled-jsx@5.1.6(react@19.2.8):
    dependencies:
      client-only: 0.0.1
      react: 19.2.8

  sucrase@3.35.1:
    dependencies:
      '@jridgewell/gen-mapping': 0.3.13
      commander: 4.1.1
      lines-and-columns: 1.2.4
      mz: 2.7.0
      pirates: 4.0.7
      tinyglobby: 0.2.17
      ts-interface-checker: 0.1.13

  supports-preserve-symlinks-flag@1.0.0: {}

  tailwindcss@3.4.19:
    dependencies:
      '@alloc/quick-lru': 5.2.0
      arg: 5.0.2
      chokidar: 3.6.0
      didyoumean: 1.2.2
      dlv: 1.1.3
      fast-glob: 3.3.3
      glob-parent: 6.0.2
      is-glob: 4.0.3
      jiti: 1.21.7
      lilconfig: 3.1.3
      micromatch: 4.0.8
      normalize-path: 3.0.0
      object-hash: 3.0.0
      picocolors: 1.1.1
      postcss: 8.5.26
      postcss-import: 15.1.0(postcss@8.5.26)
      postcss-js: 4.1.0(postcss@8.5.26)
      postcss-load-config: 6.0.1(jiti@1.21.7)(postcss@8.5.26)
      postcss-nested: 6.2.0(postcss@8.5.26)
      postcss-selector-parser: 6.1.4
      resolve: 1.22.12
      sucrase: 3.35.1
    transitivePeerDependencies:
      - tsx
      - yaml

  thenify-all@1.6.0:
    dependencies:
      thenify: 3.3.1

  thenify@3.3.1:
    dependencies:
      any-promise: 1.3.0

  tinyglobby@0.2.17:
    dependencies:
      fdir: 6.5.0(picomatch@4.0.7)
      picomatch: 4.0.7

  to-regex-range@5.0.1:
    dependencies:
      is-number: 7.0.0

  ts-interface-checker@0.1.13: {}

  tslib@2.8.1: {}

  typescript@5.9.3: {}

  undici-types@6.21.0: {}

  update-browserslist-db@1.3.2(browserslist@4.28.8):
    dependencies:
      browserslist: 4.28.8
      escalade: 3.2.0
      picocolors: 1.1.1

  util-deprecate@1.0.2: {}
